{
  "pins" : [
    {
      "identity" : "metalimage",
      "kind" : "remoteSourceControl",
      "location" : "https://github.com/feng1919/MetalImage",
      "state" : {
        "branch" : "master",
        "revision" : "2905240f581675b7286ed5aed22d2eb6b3aad937"
      }
    }
  ],
  "version" : 2
}
