// !$*UTF8*$!
{
	archiveVersion = 1;
	classes = {
	};
	objectVersion = 50;
	objects = {

/* Begin PBXBuildFile section */
		5A3BAAC223BB69090000D1BC /* MIGramMatrixLayer.h in Headers */ = {isa = PBXBuildFile; fileRef = 5A3BAAC023BB69090000D1BC /* MIGramMatrixLayer.h */; settings = {ATTRIBUTES = (Public, ); }; };
		5A3BAAC323BB69090000D1BC /* MIGramMatrixLayer.m in Sources */ = {isa = PBXBuildFile; fileRef = 5A3BAAC123BB69090000D1BC /* MIGramMatrixLayer.m */; };
		5A3BAAC723BB6AE40000D1BC /* MIReduceUnaryLayer.h in Headers */ = {isa = PBXBuildFile; fileRef = 5A3BAAC523BB6AE40000D1BC /* MIReduceUnaryLayer.h */; settings = {ATTRIBUTES = (Public, ); }; };
		5A3BAAC823BB6AE40000D1BC /* MIReduceUnaryLayer.m in Sources */ = {isa = PBXBuildFile; fileRef = 5A3BAAC623BB6AE40000D1BC /* MIReduceUnaryLayer.m */; };
		5A4EA39D23BB349900B68DE5 /* MIMatrixMultiplyLayer.h in Headers */ = {isa = PBXBuildFile; fileRef = 5A4EA39B23BB349900B68DE5 /* MIMatrixMultiplyLayer.h */; settings = {ATTRIBUTES = (Public, ); }; };
		5A4EA39E23BB349900B68DE5 /* MIMatrixMultiplyLayer.m in Sources */ = {isa = PBXBuildFile; fileRef = 5A4EA39C23BB349900B68DE5 /* MIMatrixMultiplyLayer.m */; };
		5A8D23442341D767005F88E6 /* MetalTensor.h in Headers */ = {isa = PBXBuildFile; fileRef = 5A8D23422341D767005F88E6 /* MetalTensor.h */; settings = {ATTRIBUTES = (Public, ); }; };
		5A8D23952341DA03005F88E6 /* MIReshapeLayer.m in Sources */ = {isa = PBXBuildFile; fileRef = 5A8D234B2341D9FB005F88E6 /* MIReshapeLayer.m */; };
		5A8D23962341DA03005F88E6 /* MIResidualModule.h in Headers */ = {isa = PBXBuildFile; fileRef = 5A8D234C2341D9FB005F88E6 /* MIResidualModule.h */; settings = {ATTRIBUTES = (Public, ); }; };
		5A8D23972341DA03005F88E6 /* MIDataSource.m in Sources */ = {isa = PBXBuildFile; fileRef = 5A8D234D2341D9FB005F88E6 /* MIDataSource.m */; };
		5A8D23982341DA03005F88E6 /* MISoftMaxLayer.m in Sources */ = {isa = PBXBuildFile; fileRef = 5A8D234E2341D9FB005F88E6 /* MISoftMaxLayer.m */; };
		5A8D23992341DA03005F88E6 /* MPSImage+Extension.h in Headers */ = {isa = PBXBuildFile; fileRef = 5A8D234F2341D9FB005F88E6 /* MPSImage+Extension.h */; settings = {ATTRIBUTES = (Public, ); }; };
		5A8D239A2341DA03005F88E6 /* MetalTensorInputLayer.m in Sources */ = {isa = PBXBuildFile; fileRef = 5A8D23502341D9FB005F88E6 /* MetalTensorInputLayer.m */; };
		5A8D239B2341DA03005F88E6 /* MIMPSImage.m in Sources */ = {isa = PBXBuildFile; fileRef = 5A8D23512341D9FB005F88E6 /* MIMPSImage.m */; };
		5A8D239C2341DA03005F88E6 /* MetalTensorNode.m in Sources */ = {isa = PBXBuildFile; fileRef = 5A8D23522341D9FB005F88E6 /* MetalTensorNode.m */; };
		5A8D239D2341DA03005F88E6 /* FPSCounter.h in Headers */ = {isa = PBXBuildFile; fileRef = 5A8D23532341D9FB005F88E6 /* FPSCounter.h */; settings = {ATTRIBUTES = (Public, ); }; };
		5A8D239E2341DA03005F88E6 /* MIL2NormalizationLayer.m in Sources */ = {isa = PBXBuildFile; fileRef = 5A8D23542341D9FB005F88E6 /* MIL2NormalizationLayer.m */; };
		5A8D239F2341DA03005F88E6 /* MetalTensorLayerDescriptor.m in Sources */ = {isa = PBXBuildFile; fileRef = 5A8D23552341D9FB005F88E6 /* MetalTensorLayerDescriptor.m */; };
		5A8D23A02341DA03005F88E6 /* MITemporaryImage.h in Headers */ = {isa = PBXBuildFile; fileRef = 5A8D23562341D9FB005F88E6 /* MITemporaryImage.h */; settings = {ATTRIBUTES = (Public, ); }; };
		5A8D23A12341DA03005F88E6 /* MetalTensorOutputLayer.m in Sources */ = {isa = PBXBuildFile; fileRef = 5A8D23572341D9FB005F88E6 /* MetalTensorOutputLayer.m */; };
		5A8D23A22341DA03005F88E6 /* MetalNeuralNetwork.h in Headers */ = {isa = PBXBuildFile; fileRef = 5A8D23582341D9FB005F88E6 /* MetalNeuralNetwork.h */; settings = {ATTRIBUTES = (Public, ); }; };
		5A8D23A32341DA03005F88E6 /* MIInvertedResidualModule.m in Sources */ = {isa = PBXBuildFile; fileRef = 5A8D23592341D9FC005F88E6 /* MIInvertedResidualModule.m */; };
		5A8D23A42341DA03005F88E6 /* MITemporaryImageCache.h in Headers */ = {isa = PBXBuildFile; fileRef = 5A8D235A2341D9FC005F88E6 /* MITemporaryImageCache.h */; settings = {ATTRIBUTES = (Public, ); }; };
		5A8D23A52341DA03005F88E6 /* MIFullyConnectedLayer.h in Headers */ = {isa = PBXBuildFile; fileRef = 5A8D235B2341D9FC005F88E6 /* MIFullyConnectedLayer.h */; settings = {ATTRIBUTES = (Public, ); }; };
		5A8D23A62341DA03005F88E6 /* MITransposeConvolutionLayer.m in Sources */ = {isa = PBXBuildFile; fileRef = 5A8D235C2341D9FC005F88E6 /* MITransposeConvolutionLayer.m */; };
		5A8D23A72341DA03005F88E6 /* MIConvolutionLayer.m in Sources */ = {isa = PBXBuildFile; fileRef = 5A8D235D2341D9FC005F88E6 /* MIConvolutionLayer.m */; };
		5A8D23A82341DA03005F88E6 /* MIPoolingAverageLayer.m in Sources */ = {isa = PBXBuildFile; fileRef = 5A8D235E2341D9FC005F88E6 /* MIPoolingAverageLayer.m */; };
		5A8D23A92341DA03005F88E6 /* MIArithmeticLayer.m in Sources */ = {isa = PBXBuildFile; fileRef = 5A8D235F2341D9FC005F88E6 /* MIArithmeticLayer.m */; };
		5A8D23AA2341DA03005F88E6 /* FPSCounter.m in Sources */ = {isa = PBXBuildFile; fileRef = 5A8D23602341D9FC005F88E6 /* FPSCounter.m */; };
		5A8D23AB2341DA03005F88E6 /* MIConcatenateLayer.h in Headers */ = {isa = PBXBuildFile; fileRef = 5A8D23612341D9FC005F88E6 /* MIConcatenateLayer.h */; settings = {ATTRIBUTES = (Public, ); }; };
		5A8D23AC2341DA03005F88E6 /* MITransposeConvolutionLayer.h in Headers */ = {isa = PBXBuildFile; fileRef = 5A8D23622341D9FC005F88E6 /* MITransposeConvolutionLayer.h */; settings = {ATTRIBUTES = (Public, ); }; };
		5A8D23AD2341DA03005F88E6 /* MetalTensorLayer.h in Headers */ = {isa = PBXBuildFile; fileRef = 5A8D23632341D9FC005F88E6 /* MetalTensorLayer.h */; settings = {ATTRIBUTES = (Public, ); }; };
		5A8D23AE2341DA03005F88E6 /* MetalTensorOutputLayer.h in Headers */ = {isa = PBXBuildFile; fileRef = 5A8D23642341D9FC005F88E6 /* MetalTensorOutputLayer.h */; settings = {ATTRIBUTES = (Public, ); }; };
		5A8D23AF2341DA03005F88E6 /* MIPoolingMaxLayer.m in Sources */ = {isa = PBXBuildFile; fileRef = 5A8D23652341D9FC005F88E6 /* MIPoolingMaxLayer.m */; };
		5A8D23B02341DA03005F88E6 /* MISoftMaxLayer.h in Headers */ = {isa = PBXBuildFile; fileRef = 5A8D23662341D9FC005F88E6 /* MISoftMaxLayer.h */; settings = {ATTRIBUTES = (Public, ); }; };
		5A8D23B12341DA03005F88E6 /* MetalTensorInput.h in Headers */ = {isa = PBXBuildFile; fileRef = 5A8D23672341D9FC005F88E6 /* MetalTensorInput.h */; settings = {ATTRIBUTES = (Public, ); }; };
		5A8D23B22341DA03005F88E6 /* MIBatchNormalizationLayer.h in Headers */ = {isa = PBXBuildFile; fileRef = 5A8D23682341D9FD005F88E6 /* MIBatchNormalizationLayer.h */; settings = {ATTRIBUTES = (Public, ); }; };
		5A8D23B32341DA03005F88E6 /* metal_tensor_structures.c in Sources */ = {isa = PBXBuildFile; fileRef = 5A8D23692341D9FD005F88E6 /* metal_tensor_structures.c */; };
		5A8D23B42341DA03005F88E6 /* MISeparableConvolutionLayer.m in Sources */ = {isa = PBXBuildFile; fileRef = 5A8D236A2341D9FD005F88E6 /* MISeparableConvolutionLayer.m */; };
		5A8D23B52341DA03005F88E6 /* MIConcatenateLayer.m in Sources */ = {isa = PBXBuildFile; fileRef = 5A8D236B2341D9FD005F88E6 /* MIConcatenateLayer.m */; };
		5A8D23B62341DA03005F88E6 /* MIDropoutLayer.m in Sources */ = {isa = PBXBuildFile; fileRef = 5A8D236C2341D9FD005F88E6 /* MIDropoutLayer.m */; };
		5A8D23B72341DA03005F88E6 /* MIInceptionV3Module.m in Sources */ = {isa = PBXBuildFile; fileRef = 5A8D236D2341D9FD005F88E6 /* MIInceptionV3Module.m */; };
		5A8D23B82341DA03005F88E6 /* MIPoolingMaxLayer.h in Headers */ = {isa = PBXBuildFile; fileRef = 5A8D236E2341D9FD005F88E6 /* MIPoolingMaxLayer.h */; settings = {ATTRIBUTES = (Public, ); }; };
		5A8D23B92341DA03005F88E6 /* MIReshapeLayer.h in Headers */ = {isa = PBXBuildFile; fileRef = 5A8D236F2341D9FD005F88E6 /* MIReshapeLayer.h */; settings = {ATTRIBUTES = (Public, ); }; };
		5A8D23BA2341DA03005F88E6 /* MITemporaryImage.m in Sources */ = {isa = PBXBuildFile; fileRef = 5A8D23702341D9FD005F88E6 /* MITemporaryImage.m */; };
		5A8D23BB2341DA03005F88E6 /* MIInceptionV3Module.h in Headers */ = {isa = PBXBuildFile; fileRef = 5A8D23712341D9FD005F88E6 /* MIInceptionV3Module.h */; settings = {ATTRIBUTES = (Public, ); }; };
		5A8D23BD2341DA03005F88E6 /* MITemporaryImageCache.m in Sources */ = {isa = PBXBuildFile; fileRef = 5A8D23732341D9FD005F88E6 /* MITemporaryImageCache.m */; };
		5A8D23BE2341DA03005F88E6 /* MetalTensorLayerDescriptor.h in Headers */ = {isa = PBXBuildFile; fileRef = 5A8D23742341D9FD005F88E6 /* MetalTensorLayerDescriptor.h */; settings = {ATTRIBUTES = (Public, ); }; };
		5A8D23BF2341DA03005F88E6 /* MIDataSource.h in Headers */ = {isa = PBXBuildFile; fileRef = 5A8D23752341D9FD005F88E6 /* MIDataSource.h */; settings = {ATTRIBUTES = (Public, ); }; };
		5A8D23C02341DA03005F88E6 /* MISeparableConvolutionLayer.h in Headers */ = {isa = PBXBuildFile; fileRef = 5A8D23762341D9FD005F88E6 /* MISeparableConvolutionLayer.h */; settings = {ATTRIBUTES = (Public, ); }; };
		5A8D23C12341DA03005F88E6 /* MIL2NormalizationLayer.h in Headers */ = {isa = PBXBuildFile; fileRef = 5A8D23772341D9FE005F88E6 /* MIL2NormalizationLayer.h */; settings = {ATTRIBUTES = (Public, ); }; };
		5A8D23C22341DA03005F88E6 /* numpy.c in Sources */ = {isa = PBXBuildFile; fileRef = 5A8D23782341D9FE005F88E6 /* numpy.c */; };
		5A8D23C32341DA03005F88E6 /* MetalTensorNeuronLayer.h in Headers */ = {isa = PBXBuildFile; fileRef = 5A8D23792341D9FE005F88E6 /* MetalTensorNeuronLayer.h */; settings = {ATTRIBUTES = (Public, ); }; };
		5A8D23C42341DA03005F88E6 /* MIPoolingAverageLayer.h in Headers */ = {isa = PBXBuildFile; fileRef = 5A8D237A2341D9FE005F88E6 /* MIPoolingAverageLayer.h */; settings = {ATTRIBUTES = (Public, ); }; };
		5A8D23C52341DA03005F88E6 /* metal_tensor_structures.h in Headers */ = {isa = PBXBuildFile; fileRef = 5A8D237B2341D9FE005F88E6 /* metal_tensor_structures.h */; settings = {ATTRIBUTES = (Public, ); }; };
		5A8D23C62341DA03005F88E6 /* NSString+Extension.m in Sources */ = {isa = PBXBuildFile; fileRef = 5A8D237C2341D9FE005F88E6 /* NSString+Extension.m */; };
		5A8D23C72341DA03005F88E6 /* MIDropoutLayer.h in Headers */ = {isa = PBXBuildFile; fileRef = 5A8D237D2341D9FE005F88E6 /* MIDropoutLayer.h */; settings = {ATTRIBUTES = (Public, ); }; };
		5A8D23C82341DA04005F88E6 /* MetalLayerSwitch.m in Sources */ = {isa = PBXBuildFile; fileRef = 5A8D237E2341D9FE005F88E6 /* MetalLayerSwitch.m */; };
		5A8D23CA2341DA04005F88E6 /* MetalLayerSwitch.h in Headers */ = {isa = PBXBuildFile; fileRef = 5A8D23802341D9FE005F88E6 /* MetalLayerSwitch.h */; settings = {ATTRIBUTES = (Public, ); }; };
		5A8D23CB2341DA04005F88E6 /* MPSImage+Extension.m in Sources */ = {isa = PBXBuildFile; fileRef = 5A8D23812341D9FE005F88E6 /* MPSImage+Extension.m */; };
		5A8D23CC2341DA04005F88E6 /* MetalNeuralNetwork.m in Sources */ = {isa = PBXBuildFile; fileRef = 5A8D23822341D9FF005F88E6 /* MetalNeuralNetwork.m */; };
		5A8D23CD2341DA04005F88E6 /* MIFullyConnectedLayer.m in Sources */ = {isa = PBXBuildFile; fileRef = 5A8D23832341D9FF005F88E6 /* MIFullyConnectedLayer.m */; };
		5A8D23CE2341DA04005F88E6 /* MIConvolutionLayer.h in Headers */ = {isa = PBXBuildFile; fileRef = 5A8D23842341D9FF005F88E6 /* MIConvolutionLayer.h */; settings = {ATTRIBUTES = (Public, ); }; };
		5A8D23CF2341DA04005F88E6 /* MIResidualModule.m in Sources */ = {isa = PBXBuildFile; fileRef = 5A8D23852341D9FF005F88E6 /* MIResidualModule.m */; };
		5A8D23D02341DA04005F88E6 /* MetalTensorInputLayer.h in Headers */ = {isa = PBXBuildFile; fileRef = 5A8D23862341D9FF005F88E6 /* MetalTensorInputLayer.h */; settings = {ATTRIBUTES = (Public, ); }; };
		5A8D23D12341DA04005F88E6 /* numpy.h in Headers */ = {isa = PBXBuildFile; fileRef = 5A8D23872341D9FF005F88E6 /* numpy.h */; settings = {ATTRIBUTES = (Public, ); }; };
		5A8D23D22341DA04005F88E6 /* MIInvertedResidualModule.h in Headers */ = {isa = PBXBuildFile; fileRef = 5A8D23882341D9FF005F88E6 /* MIInvertedResidualModule.h */; settings = {ATTRIBUTES = (Public, ); }; };
		5A8D23D42341DA04005F88E6 /* NSString+Extension.h in Headers */ = {isa = PBXBuildFile; fileRef = 5A8D238A2341D9FF005F88E6 /* NSString+Extension.h */; settings = {ATTRIBUTES = (Public, ); }; };
		5A8D23D52341DA04005F88E6 /* MetalTensorNeuronLayer.m in Sources */ = {isa = PBXBuildFile; fileRef = 5A8D238B2341D9FF005F88E6 /* MetalTensorNeuronLayer.m */; };
		5A8D23D62341DA04005F88E6 /* MIBatchNormalizationLayer.m in Sources */ = {isa = PBXBuildFile; fileRef = 5A8D238C2341D9FF005F88E6 /* MIBatchNormalizationLayer.m */; };
		5A8D23D72341DA04005F88E6 /* MetalTensorNode.h in Headers */ = {isa = PBXBuildFile; fileRef = 5A8D238D2341D9FF005F88E6 /* MetalTensorNode.h */; settings = {ATTRIBUTES = (Public, ); }; };
		5A8D23DB2341DA04005F88E6 /* MetalTensorLayer.m in Sources */ = {isa = PBXBuildFile; fileRef = 5A8D23912341DA00005F88E6 /* MetalTensorLayer.m */; };
		5A8D23DC2341DA04005F88E6 /* MIMPSImage.h in Headers */ = {isa = PBXBuildFile; fileRef = 5A8D23922341DA00005F88E6 /* MIMPSImage.h */; settings = {ATTRIBUTES = (Public, ); }; };
		5A8D23DE2341DA04005F88E6 /* MIArithmeticLayer.h in Headers */ = {isa = PBXBuildFile; fileRef = 5A8D23942341DA00005F88E6 /* MIArithmeticLayer.h */; settings = {ATTRIBUTES = (Public, ); }; };
		5A8D23E12341E020005F88E6 /* metal_tensor_log.h in Headers */ = {isa = PBXBuildFile; fileRef = 5A8D23DF2341E020005F88E6 /* metal_tensor_log.h */; settings = {ATTRIBUTES = (Public, ); }; };
		5A8D23E22341E020005F88E6 /* metal_tensor_log.c in Sources */ = {isa = PBXBuildFile; fileRef = 5A8D23E02341E020005F88E6 /* metal_tensor_log.c */; };
		5AC43CD2237C306500E740EA /* ssd_prior_box.h in Headers */ = {isa = PBXBuildFile; fileRef = 5AC43CCA237C306500E740EA /* ssd_prior_box.h */; settings = {ATTRIBUTES = (Public, ); }; };
		5AC43CD3237C306500E740EA /* ssd_decoder.c in Sources */ = {isa = PBXBuildFile; fileRef = 5AC43CCB237C306500E740EA /* ssd_decoder.c */; };
		5AC43CD4237C306500E740EA /* SSDObject.m in Sources */ = {isa = PBXBuildFile; fileRef = 5AC43CCC237C306500E740EA /* SSDObject.m */; };
		5AC43CD5237C306500E740EA /* SSDConfig.h in Headers */ = {isa = PBXBuildFile; fileRef = 5AC43CCD237C306500E740EA /* SSDConfig.h */; settings = {ATTRIBUTES = (Public, ); }; };
		5AC43CD6237C306500E740EA /* ssd_decoder.h in Headers */ = {isa = PBXBuildFile; fileRef = 5AC43CCE237C306500E740EA /* ssd_decoder.h */; settings = {ATTRIBUTES = (Public, ); }; };
		5AC43CD7237C306500E740EA /* ssd_prior_box.c in Sources */ = {isa = PBXBuildFile; fileRef = 5AC43CCF237C306500E740EA /* ssd_prior_box.c */; };
		5AC43CD8237C306500E740EA /* SSDConfig.m in Sources */ = {isa = PBXBuildFile; fileRef = 5AC43CD0237C306500E740EA /* SSDConfig.m */; };
		5AC43CD9237C306500E740EA /* SSDObject.h in Headers */ = {isa = PBXBuildFile; fileRef = 5AC43CD1237C306500E740EA /* SSDObject.h */; settings = {ATTRIBUTES = (Public, ); }; };
/* End PBXBuildFile section */

/* Begin PBXFileReference section */
		5A3BAAC023BB69090000D1BC /* MIGramMatrixLayer.h */ = {isa = PBXFileReference; lastKnownFileType = sourcecode.c.h; path = MIGramMatrixLayer.h; sourceTree = "<group>"; };
		5A3BAAC123BB69090000D1BC /* MIGramMatrixLayer.m */ = {isa = PBXFileReference; lastKnownFileType = sourcecode.c.objc; path = MIGramMatrixLayer.m; sourceTree = "<group>"; };
		5A3BAAC523BB6AE40000D1BC /* MIReduceUnaryLayer.h */ = {isa = PBXFileReference; lastKnownFileType = sourcecode.c.h; path = MIReduceUnaryLayer.h; sourceTree = "<group>"; };
		5A3BAAC623BB6AE40000D1BC /* MIReduceUnaryLayer.m */ = {isa = PBXFileReference; lastKnownFileType = sourcecode.c.objc; path = MIReduceUnaryLayer.m; sourceTree = "<group>"; };
		5A4EA39B23BB349900B68DE5 /* MIMatrixMultiplyLayer.h */ = {isa = PBXFileReference; lastKnownFileType = sourcecode.c.h; path = MIMatrixMultiplyLayer.h; sourceTree = "<group>"; };
		5A4EA39C23BB349900B68DE5 /* MIMatrixMultiplyLayer.m */ = {isa = PBXFileReference; lastKnownFileType = sourcecode.c.objc; path = MIMatrixMultiplyLayer.m; sourceTree = "<group>"; };
		5A8D233F2341D767005F88E6 /* MetalTensor.framework */ = {isa = PBXFileReference; explicitFileType = wrapper.framework; includeInIndex = 0; path = MetalTensor.framework; sourceTree = BUILT_PRODUCTS_DIR; };
		5A8D23422341D767005F88E6 /* MetalTensor.h */ = {isa = PBXFileReference; lastKnownFileType = sourcecode.c.h; path = MetalTensor.h; sourceTree = "<group>"; };
		5A8D23432341D767005F88E6 /* Info.plist */ = {isa = PBXFileReference; lastKnownFileType = text.plist.xml; path = Info.plist; sourceTree = "<group>"; };
		5A8D234B2341D9FB005F88E6 /* MIReshapeLayer.m */ = {isa = PBXFileReference; fileEncoding = 4; lastKnownFileType = sourcecode.c.objc; path = MIReshapeLayer.m; sourceTree = "<group>"; };
		5A8D234C2341D9FB005F88E6 /* MIResidualModule.h */ = {isa = PBXFileReference; fileEncoding = 4; lastKnownFileType = sourcecode.c.h; path = MIResidualModule.h; sourceTree = "<group>"; };
		5A8D234D2341D9FB005F88E6 /* MIDataSource.m */ = {isa = PBXFileReference; fileEncoding = 4; lastKnownFileType = sourcecode.c.objc; path = MIDataSource.m; sourceTree = "<group>"; };
		5A8D234E2341D9FB005F88E6 /* MISoftMaxLayer.m */ = {isa = PBXFileReference; fileEncoding = 4; lastKnownFileType = sourcecode.c.objc; path = MISoftMaxLayer.m; sourceTree = "<group>"; };
		5A8D234F2341D9FB005F88E6 /* MPSImage+Extension.h */ = {isa = PBXFileReference; fileEncoding = 4; lastKnownFileType = sourcecode.c.h; path = "MPSImage+Extension.h"; sourceTree = "<group>"; };
		5A8D23502341D9FB005F88E6 /* MetalTensorInputLayer.m */ = {isa = PBXFileReference; fileEncoding = 4; lastKnownFileType = sourcecode.c.objc; path = MetalTensorInputLayer.m; sourceTree = "<group>"; };
		5A8D23512341D9FB005F88E6 /* MIMPSImage.m */ = {isa = PBXFileReference; fileEncoding = 4; lastKnownFileType = sourcecode.c.objc; path = MIMPSImage.m; sourceTree = "<group>"; };
		5A8D23522341D9FB005F88E6 /* MetalTensorNode.m */ = {isa = PBXFileReference; fileEncoding = 4; lastKnownFileType = sourcecode.c.objc; path = MetalTensorNode.m; sourceTree = "<group>"; };
		5A8D23532341D9FB005F88E6 /* FPSCounter.h */ = {isa = PBXFileReference; fileEncoding = 4; lastKnownFileType = sourcecode.c.h; path = FPSCounter.h; sourceTree = "<group>"; };
		5A8D23542341D9FB005F88E6 /* MIL2NormalizationLayer.m */ = {isa = PBXFileReference; fileEncoding = 4; lastKnownFileType = sourcecode.c.objc; path = MIL2NormalizationLayer.m; sourceTree = "<group>"; };
		5A8D23552341D9FB005F88E6 /* MetalTensorLayerDescriptor.m */ = {isa = PBXFileReference; fileEncoding = 4; lastKnownFileType = sourcecode.c.objc; path = MetalTensorLayerDescriptor.m; sourceTree = "<group>"; };
		5A8D23562341D9FB005F88E6 /* MITemporaryImage.h */ = {isa = PBXFileReference; fileEncoding = 4; lastKnownFileType = sourcecode.c.h; path = MITemporaryImage.h; sourceTree = "<group>"; };
		5A8D23572341D9FB005F88E6 /* MetalTensorOutputLayer.m */ = {isa = PBXFileReference; fileEncoding = 4; lastKnownFileType = sourcecode.c.objc; path = MetalTensorOutputLayer.m; sourceTree = "<group>"; };
		5A8D23582341D9FB005F88E6 /* MetalNeuralNetwork.h */ = {isa = PBXFileReference; fileEncoding = 4; lastKnownFileType = sourcecode.c.h; path = MetalNeuralNetwork.h; sourceTree = "<group>"; };
		5A8D23592341D9FC005F88E6 /* MIInvertedResidualModule.m */ = {isa = PBXFileReference; fileEncoding = 4; lastKnownFileType = sourcecode.c.objc; path = MIInvertedResidualModule.m; sourceTree = "<group>"; };
		5A8D235A2341D9FC005F88E6 /* MITemporaryImageCache.h */ = {isa = PBXFileReference; fileEncoding = 4; lastKnownFileType = sourcecode.c.h; path = MITemporaryImageCache.h; sourceTree = "<group>"; };
		5A8D235B2341D9FC005F88E6 /* MIFullyConnectedLayer.h */ = {isa = PBXFileReference; fileEncoding = 4; lastKnownFileType = sourcecode.c.h; path = MIFullyConnectedLayer.h; sourceTree = "<group>"; };
		5A8D235C2341D9FC005F88E6 /* MITransposeConvolutionLayer.m */ = {isa = PBXFileReference; fileEncoding = 4; lastKnownFileType = sourcecode.c.objc; path = MITransposeConvolutionLayer.m; sourceTree = "<group>"; };
		5A8D235D2341D9FC005F88E6 /* MIConvolutionLayer.m */ = {isa = PBXFileReference; fileEncoding = 4; lastKnownFileType = sourcecode.c.objc; path = MIConvolutionLayer.m; sourceTree = "<group>"; };
		5A8D235E2341D9FC005F88E6 /* MIPoolingAverageLayer.m */ = {isa = PBXFileReference; fileEncoding = 4; lastKnownFileType = sourcecode.c.objc; path = MIPoolingAverageLayer.m; sourceTree = "<group>"; };
		5A8D235F2341D9FC005F88E6 /* MIArithmeticLayer.m */ = {isa = PBXFileReference; fileEncoding = 4; lastKnownFileType = sourcecode.c.objc; path = MIArithmeticLayer.m; sourceTree = "<group>"; };
		5A8D23602341D9FC005F88E6 /* FPSCounter.m */ = {isa = PBXFileReference; fileEncoding = 4; lastKnownFileType = sourcecode.c.objc; path = FPSCounter.m; sourceTree = "<group>"; };
		5A8D23612341D9FC005F88E6 /* MIConcatenateLayer.h */ = {isa = PBXFileReference; fileEncoding = 4; lastKnownFileType = sourcecode.c.h; path = MIConcatenateLayer.h; sourceTree = "<group>"; };
		5A8D23622341D9FC005F88E6 /* MITransposeConvolutionLayer.h */ = {isa = PBXFileReference; fileEncoding = 4; lastKnownFileType = sourcecode.c.h; path = MITransposeConvolutionLayer.h; sourceTree = "<group>"; };
		5A8D23632341D9FC005F88E6 /* MetalTensorLayer.h */ = {isa = PBXFileReference; fileEncoding = 4; lastKnownFileType = sourcecode.c.h; path = MetalTensorLayer.h; sourceTree = "<group>"; };
		5A8D23642341D9FC005F88E6 /* MetalTensorOutputLayer.h */ = {isa = PBXFileReference; fileEncoding = 4; lastKnownFileType = sourcecode.c.h; path = MetalTensorOutputLayer.h; sourceTree = "<group>"; };
		5A8D23652341D9FC005F88E6 /* MIPoolingMaxLayer.m */ = {isa = PBXFileReference; fileEncoding = 4; lastKnownFileType = sourcecode.c.objc; path = MIPoolingMaxLayer.m; sourceTree = "<group>"; };
		5A8D23662341D9FC005F88E6 /* MISoftMaxLayer.h */ = {isa = PBXFileReference; fileEncoding = 4; lastKnownFileType = sourcecode.c.h; path = MISoftMaxLayer.h; sourceTree = "<group>"; };
		5A8D23672341D9FC005F88E6 /* MetalTensorInput.h */ = {isa = PBXFileReference; fileEncoding = 4; lastKnownFileType = sourcecode.c.h; path = MetalTensorInput.h; sourceTree = "<group>"; };
		5A8D23682341D9FD005F88E6 /* MIBatchNormalizationLayer.h */ = {isa = PBXFileReference; fileEncoding = 4; lastKnownFileType = sourcecode.c.h; path = MIBatchNormalizationLayer.h; sourceTree = "<group>"; };
		5A8D23692341D9FD005F88E6 /* metal_tensor_structures.c */ = {isa = PBXFileReference; fileEncoding = 4; lastKnownFileType = sourcecode.c.c; path = metal_tensor_structures.c; sourceTree = "<group>"; };
		5A8D236A2341D9FD005F88E6 /* MISeparableConvolutionLayer.m */ = {isa = PBXFileReference; fileEncoding = 4; lastKnownFileType = sourcecode.c.objc; path = MISeparableConvolutionLayer.m; sourceTree = "<group>"; };
		5A8D236B2341D9FD005F88E6 /* MIConcatenateLayer.m */ = {isa = PBXFileReference; fileEncoding = 4; lastKnownFileType = sourcecode.c.objc; path = MIConcatenateLayer.m; sourceTree = "<group>"; };
		5A8D236C2341D9FD005F88E6 /* MIDropoutLayer.m */ = {isa = PBXFileReference; fileEncoding = 4; lastKnownFileType = sourcecode.c.objc; path = MIDropoutLayer.m; sourceTree = "<group>"; };
		5A8D236D2341D9FD005F88E6 /* MIInceptionV3Module.m */ = {isa = PBXFileReference; fileEncoding = 4; lastKnownFileType = sourcecode.c.objc; path = MIInceptionV3Module.m; sourceTree = "<group>"; };
		5A8D236E2341D9FD005F88E6 /* MIPoolingMaxLayer.h */ = {isa = PBXFileReference; fileEncoding = 4; lastKnownFileType = sourcecode.c.h; path = MIPoolingMaxLayer.h; sourceTree = "<group>"; };
		5A8D236F2341D9FD005F88E6 /* MIReshapeLayer.h */ = {isa = PBXFileReference; fileEncoding = 4; lastKnownFileType = sourcecode.c.h; path = MIReshapeLayer.h; sourceTree = "<group>"; };
		5A8D23702341D9FD005F88E6 /* MITemporaryImage.m */ = {isa = PBXFileReference; fileEncoding = 4; lastKnownFileType = sourcecode.c.objc; path = MITemporaryImage.m; sourceTree = "<group>"; };
		5A8D23712341D9FD005F88E6 /* MIInceptionV3Module.h */ = {isa = PBXFileReference; fileEncoding = 4; lastKnownFileType = sourcecode.c.h; path = MIInceptionV3Module.h; sourceTree = "<group>"; };
		5A8D23732341D9FD005F88E6 /* MITemporaryImageCache.m */ = {isa = PBXFileReference; fileEncoding = 4; lastKnownFileType = sourcecode.c.objc; path = MITemporaryImageCache.m; sourceTree = "<group>"; };
		5A8D23742341D9FD005F88E6 /* MetalTensorLayerDescriptor.h */ = {isa = PBXFileReference; fileEncoding = 4; lastKnownFileType = sourcecode.c.h; path = MetalTensorLayerDescriptor.h; sourceTree = "<group>"; };
		5A8D23752341D9FD005F88E6 /* MIDataSource.h */ = {isa = PBXFileReference; fileEncoding = 4; lastKnownFileType = sourcecode.c.h; path = MIDataSource.h; sourceTree = "<group>"; };
		5A8D23762341D9FD005F88E6 /* MISeparableConvolutionLayer.h */ = {isa = PBXFileReference; fileEncoding = 4; lastKnownFileType = sourcecode.c.h; path = MISeparableConvolutionLayer.h; sourceTree = "<group>"; };
		5A8D23772341D9FE005F88E6 /* MIL2NormalizationLayer.h */ = {isa = PBXFileReference; fileEncoding = 4; lastKnownFileType = sourcecode.c.h; path = MIL2NormalizationLayer.h; sourceTree = "<group>"; };
		5A8D23782341D9FE005F88E6 /* numpy.c */ = {isa = PBXFileReference; fileEncoding = 4; lastKnownFileType = sourcecode.c.c; path = numpy.c; sourceTree = "<group>"; };
		5A8D23792341D9FE005F88E6 /* MetalTensorNeuronLayer.h */ = {isa = PBXFileReference; fileEncoding = 4; lastKnownFileType = sourcecode.c.h; path = MetalTensorNeuronLayer.h; sourceTree = "<group>"; };
		5A8D237A2341D9FE005F88E6 /* MIPoolingAverageLayer.h */ = {isa = PBXFileReference; fileEncoding = 4; lastKnownFileType = sourcecode.c.h; path = MIPoolingAverageLayer.h; sourceTree = "<group>"; };
		5A8D237B2341D9FE005F88E6 /* metal_tensor_structures.h */ = {isa = PBXFileReference; fileEncoding = 4; lastKnownFileType = sourcecode.c.h; path = metal_tensor_structures.h; sourceTree = "<group>"; };
		5A8D237C2341D9FE005F88E6 /* NSString+Extension.m */ = {isa = PBXFileReference; fileEncoding = 4; lastKnownFileType = sourcecode.c.objc; path = "NSString+Extension.m"; sourceTree = "<group>"; };
		5A8D237D2341D9FE005F88E6 /* MIDropoutLayer.h */ = {isa = PBXFileReference; fileEncoding = 4; lastKnownFileType = sourcecode.c.h; path = MIDropoutLayer.h; sourceTree = "<group>"; };
		5A8D237E2341D9FE005F88E6 /* MetalLayerSwitch.m */ = {isa = PBXFileReference; fileEncoding = 4; lastKnownFileType = sourcecode.c.objc; path = MetalLayerSwitch.m; sourceTree = "<group>"; };
		5A8D23802341D9FE005F88E6 /* MetalLayerSwitch.h */ = {isa = PBXFileReference; fileEncoding = 4; lastKnownFileType = sourcecode.c.h; path = MetalLayerSwitch.h; sourceTree = "<group>"; };
		5A8D23812341D9FE005F88E6 /* MPSImage+Extension.m */ = {isa = PBXFileReference; fileEncoding = 4; lastKnownFileType = sourcecode.c.objc; path = "MPSImage+Extension.m"; sourceTree = "<group>"; };
		5A8D23822341D9FF005F88E6 /* MetalNeuralNetwork.m */ = {isa = PBXFileReference; fileEncoding = 4; lastKnownFileType = sourcecode.c.objc; path = MetalNeuralNetwork.m; sourceTree = "<group>"; };
		5A8D23832341D9FF005F88E6 /* MIFullyConnectedLayer.m */ = {isa = PBXFileReference; fileEncoding = 4; lastKnownFileType = sourcecode.c.objc; path = MIFullyConnectedLayer.m; sourceTree = "<group>"; };
		5A8D23842341D9FF005F88E6 /* MIConvolutionLayer.h */ = {isa = PBXFileReference; fileEncoding = 4; lastKnownFileType = sourcecode.c.h; path = MIConvolutionLayer.h; sourceTree = "<group>"; };
		5A8D23852341D9FF005F88E6 /* MIResidualModule.m */ = {isa = PBXFileReference; fileEncoding = 4; lastKnownFileType = sourcecode.c.objc; path = MIResidualModule.m; sourceTree = "<group>"; };
		5A8D23862341D9FF005F88E6 /* MetalTensorInputLayer.h */ = {isa = PBXFileReference; fileEncoding = 4; lastKnownFileType = sourcecode.c.h; path = MetalTensorInputLayer.h; sourceTree = "<group>"; };
		5A8D23872341D9FF005F88E6 /* numpy.h */ = {isa = PBXFileReference; fileEncoding = 4; lastKnownFileType = sourcecode.c.h; path = numpy.h; sourceTree = "<group>"; };
		5A8D23882341D9FF005F88E6 /* MIInvertedResidualModule.h */ = {isa = PBXFileReference; fileEncoding = 4; lastKnownFileType = sourcecode.c.h; path = MIInvertedResidualModule.h; sourceTree = "<group>"; };
		5A8D238A2341D9FF005F88E6 /* NSString+Extension.h */ = {isa = PBXFileReference; fileEncoding = 4; lastKnownFileType = sourcecode.c.h; path = "NSString+Extension.h"; sourceTree = "<group>"; };
		5A8D238B2341D9FF005F88E6 /* MetalTensorNeuronLayer.m */ = {isa = PBXFileReference; fileEncoding = 4; lastKnownFileType = sourcecode.c.objc; path = MetalTensorNeuronLayer.m; sourceTree = "<group>"; };
		5A8D238C2341D9FF005F88E6 /* MIBatchNormalizationLayer.m */ = {isa = PBXFileReference; fileEncoding = 4; lastKnownFileType = sourcecode.c.objc; path = MIBatchNormalizationLayer.m; sourceTree = "<group>"; };
		5A8D238D2341D9FF005F88E6 /* MetalTensorNode.h */ = {isa = PBXFileReference; fileEncoding = 4; lastKnownFileType = sourcecode.c.h; path = MetalTensorNode.h; sourceTree = "<group>"; };
		5A8D23912341DA00005F88E6 /* MetalTensorLayer.m */ = {isa = PBXFileReference; fileEncoding = 4; lastKnownFileType = sourcecode.c.objc; path = MetalTensorLayer.m; sourceTree = "<group>"; };
		5A8D23922341DA00005F88E6 /* MIMPSImage.h */ = {isa = PBXFileReference; fileEncoding = 4; lastKnownFileType = sourcecode.c.h; path = MIMPSImage.h; sourceTree = "<group>"; };
		5A8D23942341DA00005F88E6 /* MIArithmeticLayer.h */ = {isa = PBXFileReference; fileEncoding = 4; lastKnownFileType = sourcecode.c.h; path = MIArithmeticLayer.h; sourceTree = "<group>"; };
		5A8D23DF2341E020005F88E6 /* metal_tensor_log.h */ = {isa = PBXFileReference; lastKnownFileType = sourcecode.c.h; path = metal_tensor_log.h; sourceTree = "<group>"; };
		5A8D23E02341E020005F88E6 /* metal_tensor_log.c */ = {isa = PBXFileReference; lastKnownFileType = sourcecode.c.c; path = metal_tensor_log.c; sourceTree = "<group>"; };
		5AC43CCA237C306500E740EA /* ssd_prior_box.h */ = {isa = PBXFileReference; fileEncoding = 4; lastKnownFileType = sourcecode.c.h; path = ssd_prior_box.h; sourceTree = "<group>"; };
		5AC43CCB237C306500E740EA /* ssd_decoder.c */ = {isa = PBXFileReference; fileEncoding = 4; lastKnownFileType = sourcecode.c.c; path = ssd_decoder.c; sourceTree = "<group>"; };
		5AC43CCC237C306500E740EA /* SSDObject.m */ = {isa = PBXFileReference; fileEncoding = 4; lastKnownFileType = sourcecode.c.objc; path = SSDObject.m; sourceTree = "<group>"; };
		5AC43CCD237C306500E740EA /* SSDConfig.h */ = {isa = PBXFileReference; fileEncoding = 4; lastKnownFileType = sourcecode.c.h; path = SSDConfig.h; sourceTree = "<group>"; };
		5AC43CCE237C306500E740EA /* ssd_decoder.h */ = {isa = PBXFileReference; fileEncoding = 4; lastKnownFileType = sourcecode.c.h; path = ssd_decoder.h; sourceTree = "<group>"; };
		5AC43CCF237C306500E740EA /* ssd_prior_box.c */ = {isa = PBXFileReference; fileEncoding = 4; lastKnownFileType = sourcecode.c.c; path = ssd_prior_box.c; sourceTree = "<group>"; };
		5AC43CD0237C306500E740EA /* SSDConfig.m */ = {isa = PBXFileReference; fileEncoding = 4; lastKnownFileType = sourcecode.c.objc; path = SSDConfig.m; sourceTree = "<group>"; };
		5AC43CD1237C306500E740EA /* SSDObject.h */ = {isa = PBXFileReference; fileEncoding = 4; lastKnownFileType = sourcecode.c.h; path = SSDObject.h; sourceTree = "<group>"; };
/* End PBXFileReference section */

/* Begin PBXFrameworksBuildPhase section */
		5A8D233C2341D767005F88E6 /* Frameworks */ = {
			isa = PBXFrameworksBuildPhase;
			buildActionMask = 2147483647;
			files = (
			);
			runOnlyForDeploymentPostprocessing = 0;
		};
/* End PBXFrameworksBuildPhase section */

/* Begin PBXGroup section */
		5A8D23352341D767005F88E6 = {
			isa = PBXGroup;
			children = (
				5A8D23412341D767005F88E6 /* MetalTensor */,
				5A8D23402341D767005F88E6 /* Products */,
			);
			sourceTree = "<group>";
		};
		5A8D23402341D767005F88E6 /* Products */ = {
			isa = PBXGroup;
			children = (
				5A8D233F2341D767005F88E6 /* MetalTensor.framework */,
			);
			name = Products;
			sourceTree = "<group>";
		};
		5A8D23412341D767005F88E6 /* MetalTensor */ = {
			isa = PBXGroup;
			children = (
				5AC43CC9237C306500E740EA /* SSD */,
				5A8D23432341D767005F88E6 /* Info.plist */,
				5A8D23422341D767005F88E6 /* MetalTensor.h */,
				5A8D23532341D9FB005F88E6 /* FPSCounter.h */,
				5A8D23602341D9FC005F88E6 /* FPSCounter.m */,
				5A8D237B2341D9FE005F88E6 /* metal_tensor_structures.h */,
				5A8D23692341D9FD005F88E6 /* metal_tensor_structures.c */,
				5A8D23DF2341E020005F88E6 /* metal_tensor_log.h */,
				5A8D23E02341E020005F88E6 /* metal_tensor_log.c */,
				5A8D23802341D9FE005F88E6 /* MetalLayerSwitch.h */,
				5A8D237E2341D9FE005F88E6 /* MetalLayerSwitch.m */,
				5A8D23582341D9FB005F88E6 /* MetalNeuralNetwork.h */,
				5A8D23822341D9FF005F88E6 /* MetalNeuralNetwork.m */,
				5A8D23742341D9FD005F88E6 /* MetalTensorLayerDescriptor.h */,
				5A8D23552341D9FB005F88E6 /* MetalTensorLayerDescriptor.m */,
				5A8D238D2341D9FF005F88E6 /* MetalTensorNode.h */,
				5A8D23522341D9FB005F88E6 /* MetalTensorNode.m */,
				5A8D23632341D9FC005F88E6 /* MetalTensorLayer.h */,
				5A8D23912341DA00005F88E6 /* MetalTensorLayer.m */,
				5A8D23862341D9FF005F88E6 /* MetalTensorInputLayer.h */,
				5A8D23502341D9FB005F88E6 /* MetalTensorInputLayer.m */,
				5A8D23642341D9FC005F88E6 /* MetalTensorOutputLayer.h */,
				5A8D23572341D9FB005F88E6 /* MetalTensorOutputLayer.m */,
				5A8D23792341D9FE005F88E6 /* MetalTensorNeuronLayer.h */,
				5A8D238B2341D9FF005F88E6 /* MetalTensorNeuronLayer.m */,
				5A8D23942341DA00005F88E6 /* MIArithmeticLayer.h */,
				5A8D235F2341D9FC005F88E6 /* MIArithmeticLayer.m */,
				5A8D23682341D9FD005F88E6 /* MIBatchNormalizationLayer.h */,
				5A8D238C2341D9FF005F88E6 /* MIBatchNormalizationLayer.m */,
				5A8D23612341D9FC005F88E6 /* MIConcatenateLayer.h */,
				5A8D236B2341D9FD005F88E6 /* MIConcatenateLayer.m */,
				5A8D23842341D9FF005F88E6 /* MIConvolutionLayer.h */,
				5A8D235D2341D9FC005F88E6 /* MIConvolutionLayer.m */,
				5A8D23752341D9FD005F88E6 /* MIDataSource.h */,
				5A8D234D2341D9FB005F88E6 /* MIDataSource.m */,
				5A8D237D2341D9FE005F88E6 /* MIDropoutLayer.h */,
				5A8D236C2341D9FD005F88E6 /* MIDropoutLayer.m */,
				5A8D235B2341D9FC005F88E6 /* MIFullyConnectedLayer.h */,
				5A8D23832341D9FF005F88E6 /* MIFullyConnectedLayer.m */,
				5A8D23712341D9FD005F88E6 /* MIInceptionV3Module.h */,
				5A8D236D2341D9FD005F88E6 /* MIInceptionV3Module.m */,
				5A8D23882341D9FF005F88E6 /* MIInvertedResidualModule.h */,
				5A8D23592341D9FC005F88E6 /* MIInvertedResidualModule.m */,
				5A8D23772341D9FE005F88E6 /* MIL2NormalizationLayer.h */,
				5A8D23542341D9FB005F88E6 /* MIL2NormalizationLayer.m */,
				5A8D23672341D9FC005F88E6 /* MetalTensorInput.h */,
				5A8D23922341DA00005F88E6 /* MIMPSImage.h */,
				5A8D23512341D9FB005F88E6 /* MIMPSImage.m */,
				5A8D237A2341D9FE005F88E6 /* MIPoolingAverageLayer.h */,
				5A8D235E2341D9FC005F88E6 /* MIPoolingAverageLayer.m */,
				5A8D236E2341D9FD005F88E6 /* MIPoolingMaxLayer.h */,
				5A8D23652341D9FC005F88E6 /* MIPoolingMaxLayer.m */,
				5A8D236F2341D9FD005F88E6 /* MIReshapeLayer.h */,
				5A8D234B2341D9FB005F88E6 /* MIReshapeLayer.m */,
				5A8D234C2341D9FB005F88E6 /* MIResidualModule.h */,
				5A8D23852341D9FF005F88E6 /* MIResidualModule.m */,
				5A8D23762341D9FD005F88E6 /* MISeparableConvolutionLayer.h */,
				5A8D236A2341D9FD005F88E6 /* MISeparableConvolutionLayer.m */,
				5A4EA39B23BB349900B68DE5 /* MIMatrixMultiplyLayer.h */,
				5A4EA39C23BB349900B68DE5 /* MIMatrixMultiplyLayer.m */,
				5A3BAAC023BB69090000D1BC /* MIGramMatrixLayer.h */,
				5A3BAAC123BB69090000D1BC /* MIGramMatrixLayer.m */,
				5A3BAAC523BB6AE40000D1BC /* MIReduceUnaryLayer.h */,
				5A3BAAC623BB6AE40000D1BC /* MIReduceUnaryLayer.m */,
				5A8D23662341D9FC005F88E6 /* MISoftMaxLayer.h */,
				5A8D234E2341D9FB005F88E6 /* MISoftMaxLayer.m */,
				5A8D23562341D9FB005F88E6 /* MITemporaryImage.h */,
				5A8D23702341D9FD005F88E6 /* MITemporaryImage.m */,
				5A8D235A2341D9FC005F88E6 /* MITemporaryImageCache.h */,
				5A8D23732341D9FD005F88E6 /* MITemporaryImageCache.m */,
				5A8D23622341D9FC005F88E6 /* MITransposeConvolutionLayer.h */,
				5A8D235C2341D9FC005F88E6 /* MITransposeConvolutionLayer.m */,
				5A8D234F2341D9FB005F88E6 /* MPSImage+Extension.h */,
				5A8D23812341D9FE005F88E6 /* MPSImage+Extension.m */,
				5A8D238A2341D9FF005F88E6 /* NSString+Extension.h */,
				5A8D237C2341D9FE005F88E6 /* NSString+Extension.m */,
				5A8D23782341D9FE005F88E6 /* numpy.c */,
				5A8D23872341D9FF005F88E6 /* numpy.h */,
			);
			path = MetalTensor;
			sourceTree = "<group>";
		};
		5AC43CC9237C306500E740EA /* SSD */ = {
			isa = PBXGroup;
			children = (
				5AC43CCB237C306500E740EA /* ssd_decoder.c */,
				5AC43CCE237C306500E740EA /* ssd_decoder.h */,
				5AC43CCF237C306500E740EA /* ssd_prior_box.c */,
				5AC43CCA237C306500E740EA /* ssd_prior_box.h */,
				5AC43CCD237C306500E740EA /* SSDConfig.h */,
				5AC43CD0237C306500E740EA /* SSDConfig.m */,
				5AC43CD1237C306500E740EA /* SSDObject.h */,
				5AC43CCC237C306500E740EA /* SSDObject.m */,
			);
			path = SSD;
			sourceTree = "<group>";
		};
/* End PBXGroup section */

/* Begin PBXHeadersBuildPhase section */
		5A8D233A2341D767005F88E6 /* Headers */ = {
			isa = PBXHeadersBuildPhase;
			buildActionMask = 2147483647;
			files = (
				5A8D23C32341DA03005F88E6 /* MetalTensorNeuronLayer.h in Headers */,
				5A8D23AD2341DA03005F88E6 /* MetalTensorLayer.h in Headers */,
				5A8D23D02341DA04005F88E6 /* MetalTensorInputLayer.h in Headers */,
				5A8D23CE2341DA04005F88E6 /* MIConvolutionLayer.h in Headers */,
				5A8D23AB2341DA03005F88E6 /* MIConcatenateLayer.h in Headers */,
				5A8D23D72341DA04005F88E6 /* MetalTensorNode.h in Headers */,
				5A8D23AE2341DA03005F88E6 /* MetalTensorOutputLayer.h in Headers */,
				5A8D23D42341DA04005F88E6 /* NSString+Extension.h in Headers */,
				5A8D23D22341DA04005F88E6 /* MIInvertedResidualModule.h in Headers */,
				5A8D23B02341DA03005F88E6 /* MISoftMaxLayer.h in Headers */,
				5A3BAAC223BB69090000D1BC /* MIGramMatrixLayer.h in Headers */,
				5A8D23A02341DA03005F88E6 /* MITemporaryImage.h in Headers */,
				5A8D23B92341DA03005F88E6 /* MIReshapeLayer.h in Headers */,
				5A8D23C42341DA03005F88E6 /* MIPoolingAverageLayer.h in Headers */,
				5AC43CD2237C306500E740EA /* ssd_prior_box.h in Headers */,
				5A8D23992341DA03005F88E6 /* MPSImage+Extension.h in Headers */,
				5A8D23AC2341DA03005F88E6 /* MITransposeConvolutionLayer.h in Headers */,
				5A8D23BE2341DA03005F88E6 /* MetalTensorLayerDescriptor.h in Headers */,
				5AC43CD5237C306500E740EA /* SSDConfig.h in Headers */,
				5A8D23C52341DA03005F88E6 /* metal_tensor_structures.h in Headers */,
				5A8D23C02341DA03005F88E6 /* MISeparableConvolutionLayer.h in Headers */,
				5A8D23C12341DA03005F88E6 /* MIL2NormalizationLayer.h in Headers */,
				5A8D23CA2341DA04005F88E6 /* MetalLayerSwitch.h in Headers */,
				5A8D23B12341DA03005F88E6 /* MetalTensorInput.h in Headers */,
				5A8D23BB2341DA03005F88E6 /* MIInceptionV3Module.h in Headers */,
				5A8D23DC2341DA04005F88E6 /* MIMPSImage.h in Headers */,
				5A8D23C72341DA03005F88E6 /* MIDropoutLayer.h in Headers */,
				5AC43CD6237C306500E740EA /* ssd_decoder.h in Headers */,
				5A8D23442341D767005F88E6 /* MetalTensor.h in Headers */,
				5A8D23962341DA03005F88E6 /* MIResidualModule.h in Headers */,
				5A8D23B82341DA03005F88E6 /* MIPoolingMaxLayer.h in Headers */,
				5A8D23D12341DA04005F88E6 /* numpy.h in Headers */,
				5A8D23DE2341DA04005F88E6 /* MIArithmeticLayer.h in Headers */,
				5A8D23A42341DA03005F88E6 /* MITemporaryImageCache.h in Headers */,
				5A8D23A22341DA03005F88E6 /* MetalNeuralNetwork.h in Headers */,
				5A3BAAC723BB6AE40000D1BC /* MIReduceUnaryLayer.h in Headers */,
				5A4EA39D23BB349900B68DE5 /* MIMatrixMultiplyLayer.h in Headers */,
				5AC43CD9237C306500E740EA /* SSDObject.h in Headers */,
				5A8D239D2341DA03005F88E6 /* FPSCounter.h in Headers */,
				5A8D23B22341DA03005F88E6 /* MIBatchNormalizationLayer.h in Headers */,
				5A8D23E12341E020005F88E6 /* metal_tensor_log.h in Headers */,
				5A8D23BF2341DA03005F88E6 /* MIDataSource.h in Headers */,
				5A8D23A52341DA03005F88E6 /* MIFullyConnectedLayer.h in Headers */,
			);
			runOnlyForDeploymentPostprocessing = 0;
		};
/* End PBXHeadersBuildPhase section */

/* Begin PBXNativeTarget section */
		5A8D233E2341D767005F88E6 /* MetalTensor */ = {
			isa = PBXNativeTarget;
			buildConfigurationList = 5A8D23472341D767005F88E6 /* Build configuration list for PBXNativeTarget "MetalTensor" */;
			buildPhases = (
				5A8D233A2341D767005F88E6 /* Headers */,
				5A8D233B2341D767005F88E6 /* Sources */,
				5A8D233C2341D767005F88E6 /* Frameworks */,
				5A8D233D2341D767005F88E6 /* Resources */,
			);
			buildRules = (
			);
			dependencies = (
			);
			name = MetalTensor;
			productName = MetalTensor;
			productReference = 5A8D233F2341D767005F88E6 /* MetalTensor.framework */;
			productType = "com.apple.product-type.framework";
		};
/* End PBXNativeTarget section */

/* Begin PBXProject section */
		5A8D23362341D767005F88E6 /* Project object */ = {
			isa = PBXProject;
			attributes = {
				LastUpgradeCheck = 1100;
				ORGANIZATIONNAME = fengshi;
				TargetAttributes = {
					5A8D233E2341D767005F88E6 = {
						CreatedOnToolsVersion = 11.0;
					};
				};
			};
			buildConfigurationList = 5A8D23392341D767005F88E6 /* Build configuration list for PBXProject "MetalTensor" */;
			compatibilityVersion = "Xcode 9.3";
			developmentRegion = en;
			hasScannedForEncodings = 0;
			knownRegions = (
				en,
				Base,
			);
			mainGroup = 5A8D23352341D767005F88E6;
			productRefGroup = 5A8D23402341D767005F88E6 /* Products */;
			projectDirPath = "";
			projectRoot = "";
			targets = (
				5A8D233E2341D767005F88E6 /* MetalTensor */,
			);
		};
/* End PBXProject section */

/* Begin PBXResourcesBuildPhase section */
		5A8D233D2341D767005F88E6 /* Resources */ = {
			isa = PBXResourcesBuildPhase;
			buildActionMask = 2147483647;
			files = (
			);
			runOnlyForDeploymentPostprocessing = 0;
		};
/* End PBXResourcesBuildPhase section */

/* Begin PBXSourcesBuildPhase section */
		5A8D233B2341D767005F88E6 /* Sources */ = {
			isa = PBXSourcesBuildPhase;
			buildActionMask = 2147483647;
			files = (
				5A8D23CF2341DA04005F88E6 /* MIResidualModule.m in Sources */,
				5A8D23B52341DA03005F88E6 /* MIConcatenateLayer.m in Sources */,
				5AC43CD8237C306500E740EA /* SSDConfig.m in Sources */,
				5A8D239E2341DA03005F88E6 /* MIL2NormalizationLayer.m in Sources */,
				5A8D239F2341DA03005F88E6 /* MetalTensorLayerDescriptor.m in Sources */,
				5AC43CD7237C306500E740EA /* ssd_prior_box.c in Sources */,
				5A8D23A62341DA03005F88E6 /* MITransposeConvolutionLayer.m in Sources */,
				5A8D23CD2341DA04005F88E6 /* MIFullyConnectedLayer.m in Sources */,
				5A8D23E22341E020005F88E6 /* metal_tensor_log.c in Sources */,
				5A4EA39E23BB349900B68DE5 /* MIMatrixMultiplyLayer.m in Sources */,
				5A8D239C2341DA03005F88E6 /* MetalTensorNode.m in Sources */,
				5A8D23A32341DA03005F88E6 /* MIInvertedResidualModule.m in Sources */,
				5A8D23A12341DA03005F88E6 /* MetalTensorOutputLayer.m in Sources */,
				5A8D23A72341DA03005F88E6 /* MIConvolutionLayer.m in Sources */,
				5A8D23CC2341DA04005F88E6 /* MetalNeuralNetwork.m in Sources */,
				5A8D23AA2341DA03005F88E6 /* FPSCounter.m in Sources */,
				5A8D23D62341DA04005F88E6 /* MIBatchNormalizationLayer.m in Sources */,
				5A8D23C22341DA03005F88E6 /* numpy.c in Sources */,
				5AC43CD4237C306500E740EA /* SSDObject.m in Sources */,
				5A8D23C62341DA03005F88E6 /* NSString+Extension.m in Sources */,
				5A8D23A92341DA03005F88E6 /* MIArithmeticLayer.m in Sources */,
				5A8D23982341DA03005F88E6 /* MISoftMaxLayer.m in Sources */,
				5A8D239B2341DA03005F88E6 /* MIMPSImage.m in Sources */,
				5A8D23DB2341DA04005F88E6 /* MetalTensorLayer.m in Sources */,
				5AC43CD3237C306500E740EA /* ssd_decoder.c in Sources */,
				5A3BAAC823BB6AE40000D1BC /* MIReduceUnaryLayer.m in Sources */,
				5A8D239A2341DA03005F88E6 /* MetalTensorInputLayer.m in Sources */,
				5A8D23972341DA03005F88E6 /* MIDataSource.m in Sources */,
				5A8D23952341DA03005F88E6 /* MIReshapeLayer.m in Sources */,
				5A8D23D52341DA04005F88E6 /* MetalTensorNeuronLayer.m in Sources */,
				5A3BAAC323BB69090000D1BC /* MIGramMatrixLayer.m in Sources */,
				5A8D23CB2341DA04005F88E6 /* MPSImage+Extension.m in Sources */,
				5A8D23BA2341DA03005F88E6 /* MITemporaryImage.m in Sources */,
				5A8D23B72341DA03005F88E6 /* MIInceptionV3Module.m in Sources */,
				5A8D23B42341DA03005F88E6 /* MISeparableConvolutionLayer.m in Sources */,
				5A8D23B32341DA03005F88E6 /* metal_tensor_structures.c in Sources */,
				5A8D23C82341DA04005F88E6 /* MetalLayerSwitch.m in Sources */,
				5A8D23BD2341DA03005F88E6 /* MITemporaryImageCache.m in Sources */,
				5A8D23A82341DA03005F88E6 /* MIPoolingAverageLayer.m in Sources */,
				5A8D23AF2341DA03005F88E6 /* MIPoolingMaxLayer.m in Sources */,
				5A8D23B62341DA03005F88E6 /* MIDropoutLayer.m in Sources */,
			);
			runOnlyForDeploymentPostprocessing = 0;
		};
/* End PBXSourcesBuildPhase section */

/* Begin XCBuildConfiguration section */
		5A8D23452341D767005F88E6 /* Debug */ = {
			isa = XCBuildConfiguration;
			buildSettings = {
				ALWAYS_SEARCH_USER_PATHS = NO;
				CLANG_ANALYZER_NONNULL = YES;
				CLANG_ANALYZER_NUMBER_OBJECT_CONVERSION = YES_AGGRESSIVE;
				CLANG_CXX_LANGUAGE_STANDARD = "gnu++14";
				CLANG_CXX_LIBRARY = "libc++";
				CLANG_ENABLE_MODULES = YES;
				CLANG_ENABLE_OBJC_ARC = YES;
				CLANG_ENABLE_OBJC_WEAK = YES;
				CLANG_WARN_BLOCK_CAPTURE_AUTORELEASING = YES;
				CLANG_WARN_BOOL_CONVERSION = YES;
				CLANG_WARN_COMMA = YES;
				CLANG_WARN_CONSTANT_CONVERSION = YES;
				CLANG_WARN_DEPRECATED_OBJC_IMPLEMENTATIONS = YES;
				CLANG_WARN_DIRECT_OBJC_ISA_USAGE = YES_ERROR;
				CLANG_WARN_DOCUMENTATION_COMMENTS = YES;
				CLANG_WARN_EMPTY_BODY = YES;
				CLANG_WARN_ENUM_CONVERSION = YES;
				CLANG_WARN_INFINITE_RECURSION = YES;
				CLANG_WARN_INT_CONVERSION = YES;
				CLANG_WARN_NON_LITERAL_NULL_CONVERSION = YES;
				CLANG_WARN_OBJC_IMPLICIT_RETAIN_SELF = YES;
				CLANG_WARN_OBJC_LITERAL_CONVERSION = YES;
				CLANG_WARN_OBJC_ROOT_CLASS = YES_ERROR;
				CLANG_WARN_RANGE_LOOP_ANALYSIS = YES;
				CLANG_WARN_STRICT_PROTOTYPES = YES;
				CLANG_WARN_SUSPICIOUS_MOVE = YES;
				CLANG_WARN_UNGUARDED_AVAILABILITY = YES_AGGRESSIVE;
				CLANG_WARN_UNREACHABLE_CODE = YES;
				CLANG_WARN__DUPLICATE_METHOD_MATCH = YES;
				COPY_PHASE_STRIP = NO;
				CURRENT_PROJECT_VERSION = 1;
				DEBUG_INFORMATION_FORMAT = dwarf;
				ENABLE_STRICT_OBJC_MSGSEND = YES;
				ENABLE_TESTABILITY = YES;
				GCC_C_LANGUAGE_STANDARD = gnu11;
				GCC_DYNAMIC_NO_PIC = NO;
				GCC_NO_COMMON_BLOCKS = YES;
				GCC_OPTIMIZATION_LEVEL = 0;
				GCC_PREPROCESSOR_DEFINITIONS = (
					"DEBUG=1",
					"$(inherited)",
				);
				GCC_WARN_64_TO_32_BIT_CONVERSION = YES;
				GCC_WARN_ABOUT_RETURN_TYPE = YES_ERROR;
				GCC_WARN_UNDECLARED_SELECTOR = YES;
				GCC_WARN_UNINITIALIZED_AUTOS = YES_AGGRESSIVE;
				GCC_WARN_UNUSED_FUNCTION = YES;
				GCC_WARN_UNUSED_VARIABLE = YES;
				IPHONEOS_DEPLOYMENT_TARGET = 13.0;
				MTL_ENABLE_DEBUG_INFO = INCLUDE_SOURCE;
				MTL_FAST_MATH = YES;
				ONLY_ACTIVE_ARCH = YES;
				SDKROOT = iphoneos;
				VERSIONING_SYSTEM = "apple-generic";
				VERSION_INFO_PREFIX = "";
			};
			name = Debug;
		};
		5A8D23462341D767005F88E6 /* Release */ = {
			isa = XCBuildConfiguration;
			buildSettings = {
				ALWAYS_SEARCH_USER_PATHS = NO;
				CLANG_ANALYZER_NONNULL = YES;
				CLANG_ANALYZER_NUMBER_OBJECT_CONVERSION = YES_AGGRESSIVE;
				CLANG_CXX_LANGUAGE_STANDARD = "gnu++14";
				CLANG_CXX_LIBRARY = "libc++";
				CLANG_ENABLE_MODULES = YES;
				CLANG_ENABLE_OBJC_ARC = YES;
				CLANG_ENABLE_OBJC_WEAK = YES;
				CLANG_WARN_BLOCK_CAPTURE_AUTORELEASING = YES;
				CLANG_WARN_BOOL_CONVERSION = YES;
				CLANG_WARN_COMMA = YES;
				CLANG_WARN_CONSTANT_CONVERSION = YES;
				CLANG_WARN_DEPRECATED_OBJC_IMPLEMENTATIONS = YES;
				CLANG_WARN_DIRECT_OBJC_ISA_USAGE = YES_ERROR;
				CLANG_WARN_DOCUMENTATION_COMMENTS = YES;
				CLANG_WARN_EMPTY_BODY = YES;
				CLANG_WARN_ENUM_CONVERSION = YES;
				CLANG_WARN_INFINITE_RECURSION = YES;
				CLANG_WARN_INT_CONVERSION = YES;
				CLANG_WARN_NON_LITERAL_NULL_CONVERSION = YES;
				CLANG_WARN_OBJC_IMPLICIT_RETAIN_SELF = YES;
				CLANG_WARN_OBJC_LITERAL_CONVERSION = YES;
				CLANG_WARN_OBJC_ROOT_CLASS = YES_ERROR;
				CLANG_WARN_RANGE_LOOP_ANALYSIS = YES;
				CLANG_WARN_STRICT_PROTOTYPES = YES;
				CLANG_WARN_SUSPICIOUS_MOVE = YES;
				CLANG_WARN_UNGUARDED_AVAILABILITY = YES_AGGRESSIVE;
				CLANG_WARN_UNREACHABLE_CODE = YES;
				CLANG_WARN__DUPLICATE_METHOD_MATCH = YES;
				COPY_PHASE_STRIP = NO;
				CURRENT_PROJECT_VERSION = 1;
				DEBUG_INFORMATION_FORMAT = "dwarf-with-dsym";
				ENABLE_NS_ASSERTIONS = NO;
				ENABLE_STRICT_OBJC_MSGSEND = YES;
				GCC_C_LANGUAGE_STANDARD = gnu11;
				GCC_NO_COMMON_BLOCKS = YES;
				GCC_WARN_64_TO_32_BIT_CONVERSION = YES;
				GCC_WARN_ABOUT_RETURN_TYPE = YES_ERROR;
				GCC_WARN_UNDECLARED_SELECTOR = YES;
				GCC_WARN_UNINITIALIZED_AUTOS = YES_AGGRESSIVE;
				GCC_WARN_UNUSED_FUNCTION = YES;
				GCC_WARN_UNUSED_VARIABLE = YES;
				IPHONEOS_DEPLOYMENT_TARGET = 13.0;
				MTL_ENABLE_DEBUG_INFO = NO;
				MTL_FAST_MATH = YES;
				SDKROOT = iphoneos;
				VALIDATE_PRODUCT = YES;
				VERSIONING_SYSTEM = "apple-generic";
				VERSION_INFO_PREFIX = "";
			};
			name = Release;
		};
		5A8D23482341D767005F88E6 /* Debug */ = {
			isa = XCBuildConfiguration;
			buildSettings = {
				CODE_SIGN_STYLE = Automatic;
				DEFINES_MODULE = YES;
				DEVELOPMENT_ASSET_PATHS = "";
				DYLIB_COMPATIBILITY_VERSION = 1;
				DYLIB_CURRENT_VERSION = 1;
				DYLIB_INSTALL_NAME_BASE = "@rpath";
				ENABLE_BITCODE = NO;
				FRAMEWORK_SEARCH_PATHS = (
					"$(inherited)",
					"$(PROJECT_DIR)",
					"$(PROJECT_DIR)/../ThirdParts/",
				);
				INFOPLIST_FILE = MetalTensor/Info.plist;
				INSTALL_PATH = "$(LOCAL_LIBRARY_DIR)/Frameworks";
				IPHONEOS_DEPLOYMENT_TARGET = 11.3;
				LD_RUNPATH_SEARCH_PATHS = (
					"$(inherited)",
					"@executable_path/Frameworks",
					"@loader_path/Frameworks",
				);
				PRODUCT_BUNDLE_IDENTIFIER = com.fengshi.MetalTensor;
				PRODUCT_NAME = "$(TARGET_NAME:c99extidentifier)";
				SKIP_INSTALL = YES;
				TARGETED_DEVICE_FAMILY = "1,2";
			};
			name = Debug;
		};
		5A8D23492341D767005F88E6 /* Release */ = {
			isa = XCBuildConfiguration;
			buildSettings = {
				CODE_SIGN_STYLE = Automatic;
				DEFINES_MODULE = YES;
				DEVELOPMENT_ASSET_PATHS = "";
				DYLIB_COMPATIBILITY_VERSION = 1;
				DYLIB_CURRENT_VERSION = 1;
				DYLIB_INSTALL_NAME_BASE = "@rpath";
				ENABLE_BITCODE = NO;
				FRAMEWORK_SEARCH_PATHS = (
					"$(inherited)",
					"$(PROJECT_DIR)",
					"$(PROJECT_DIR)/../ThirdParts/",
				);
				INFOPLIST_FILE = MetalTensor/Info.plist;
				INSTALL_PATH = "$(LOCAL_LIBRARY_DIR)/Frameworks";
				IPHONEOS_DEPLOYMENT_TARGET = 11.3;
				LD_RUNPATH_SEARCH_PATHS = (
					"$(inherited)",
					"@executable_path/Frameworks",
					"@loader_path/Frameworks",
				);
				PRODUCT_BUNDLE_IDENTIFIER = com.fengshi.MetalTensor;
				PRODUCT_NAME = "$(TARGET_NAME:c99extidentifier)";
				SKIP_INSTALL = YES;
				TARGETED_DEVICE_FAMILY = "1,2";
			};
			name = Release;
		};
/* End XCBuildConfiguration section */

/* Begin XCConfigurationList section */
		5A8D23392341D767005F88E6 /* Build configuration list for PBXProject "MetalTensor" */ = {
			isa = XCConfigurationList;
			buildConfigurations = (
				5A8D23452341D767005F88E6 /* Debug */,
				5A8D23462341D767005F88E6 /* Release */,
			);
			defaultConfigurationIsVisible = 0;
			defaultConfigurationName = Release;
		};
		5A8D23472341D767005F88E6 /* Build configuration list for PBXNativeTarget "MetalTensor" */ = {
			isa = XCConfigurationList;
			buildConfigurations = (
				5A8D23482341D767005F88E6 /* Debug */,
				5A8D23492341D767005F88E6 /* Release */,
			);
			defaultConfigurationIsVisible = 0;
			defaultConfigurationName = Release;
		};
/* End XCConfigurationList section */
	};
	rootObject = 5A8D23362341D767005F88E6 /* Project object */;
}
