// !$*UTF8*$!
{
	archiveVersion = 1;
	classes = {
	};
	objectVersion = 50;
	objects = {

/* Begin PBXBuildFile section */
		5AB8399A236AC9CB00A6C9CF /* PortraitSegmentNet.0.5.bin in Resources */ = {isa = PBXBuildFile; fileRef = 5AB83990236AC9CB00A6C9CF /* PortraitSegmentNet.0.5.bin */; };
		5AB8399B236AC9CB00A6C9CF /* PortraitRenderShader.metal in Sources */ = {isa = PBXBuildFile; fileRef = 5AB83992236AC9CB00A6C9CF /* PortraitRenderShader.metal */; };
		5AB8399C236AC9CB00A6C9CF /* PortraitSegmentNet.m in Sources */ = {isa = PBXBuildFile; fileRef = 5AB83993236AC9CB00A6C9CF /* PortraitSegmentNet.m */; };
		5AB8399D236AC9CB00A6C9CF /* PortraitSegmentNet.0.5 in Resources */ = {isa = PBXBuildFile; fileRef = 5AB83994236AC9CB00A6C9CF /* PortraitSegmentNet.0.5 */; };
		5AB8399E236AC9CB00A6C9CF /* PortraitSegmentNet.0.5.json in Resources */ = {isa = PBXBuildFile; fileRef = 5AB83995236AC9CB00A6C9CF /* PortraitSegmentNet.0.5.json */; };
		5AB8399F236AC9CB00A6C9CF /* PortraitSegmentFilter.m in Sources */ = {isa = PBXBuildFile; fileRef = 5AB83998236AC9CB00A6C9CF /* PortraitSegmentFilter.m */; };
		5AB839A0236AC9CB00A6C9CF /* PortraitSegmentNet.0.5.plist in Resources */ = {isa = PBXBuildFile; fileRef = 5AB83999236AC9CB00A6C9CF /* PortraitSegmentNet.0.5.plist */; };
		5AB839A2236ADE5A00A6C9CF /* SWAP_BR.bin in Resources */ = {isa = PBXBuildFile; fileRef = 5AB839A1236ADE5A00A6C9CF /* SWAP_BR.bin */; };
		5AB839A923703E1F00A6C9CF /* PortraitSegmentNet.bin in Resources */ = {isa = PBXBuildFile; fileRef = 5AB839A423703E1F00A6C9CF /* PortraitSegmentNet.bin */; };
		5AB839AA23703E1F00A6C9CF /* PortraitSegmentNet.json in Resources */ = {isa = PBXBuildFile; fileRef = 5AB839A623703E1F00A6C9CF /* PortraitSegmentNet.json */; };
		5AB839AB23703E1F00A6C9CF /* PortraitSegmentNet in Resources */ = {isa = PBXBuildFile; fileRef = 5AB839A723703E1F00A6C9CF /* PortraitSegmentNet */; };
		5AB839AC23703E1F00A6C9CF /* PortraitSegmentNet.plist in Resources */ = {isa = PBXBuildFile; fileRef = 5AB839A823703E1F00A6C9CF /* PortraitSegmentNet.plist */; };
		5ACC082023506B83004CD815 /* AppDelegate.m in Sources */ = {isa = PBXBuildFile; fileRef = 5ACC081F23506B83004CD815 /* AppDelegate.m */; };
		5ACC082623506B83004CD815 /* ViewController.m in Sources */ = {isa = PBXBuildFile; fileRef = 5ACC082523506B83004CD815 /* ViewController.m */; };
		5ACC082B23506B85004CD815 /* Assets.xcassets in Resources */ = {isa = PBXBuildFile; fileRef = 5ACC082A23506B85004CD815 /* Assets.xcassets */; };
		5ACC082E23506B85004CD815 /* LaunchScreen.storyboard in Resources */ = {isa = PBXBuildFile; fileRef = 5ACC082C23506B85004CD815 /* LaunchScreen.storyboard */; };
		5ACC083123506B85004CD815 /* main.m in Sources */ = {isa = PBXBuildFile; fileRef = 5ACC083023506B85004CD815 /* main.m */; };
		5ACC084F23507005004CD815 /* MetalImage.framework in Frameworks */ = {isa = PBXBuildFile; fileRef = 5ACC084723506FEF004CD815 /* MetalImage.framework */; };
		5ACC085023507005004CD815 /* MetalImage.framework in Embed Frameworks */ = {isa = PBXBuildFile; fileRef = 5ACC084723506FEF004CD815 /* MetalImage.framework */; settings = {ATTRIBUTES = (CodeSignOnCopy, RemoveHeadersOnCopy, ); }; };
		5ACC085223507008004CD815 /* MetalTensor.framework in Frameworks */ = {isa = PBXBuildFile; fileRef = 5ACC084E23506FF6004CD815 /* MetalTensor.framework */; };
		5ACC085323507008004CD815 /* MetalTensor.framework in Embed Frameworks */ = {isa = PBXBuildFile; fileRef = 5ACC084E23506FF6004CD815 /* MetalTensor.framework */; settings = {ATTRIBUTES = (CodeSignOnCopy, RemoveHeadersOnCopy, ); }; };
/* End PBXBuildFile section */

/* Begin PBXContainerItemProxy section */
		5ACC084D23506FF6004CD815 /* PBXContainerItemProxy */ = {
			isa = PBXContainerItemProxy;
			containerPortal = 5ACC084923506FF6004CD815 /* MetalTensor.xcodeproj */;
			proxyType = 2;
			remoteGlobalIDString = 5A8D233F2341D767005F88E6;
			remoteInfo = MetalTensor;
		};
/* End PBXContainerItemProxy section */

/* Begin PBXCopyFilesBuildPhase section */
		5ACC085123507005004CD815 /* Embed Frameworks */ = {
			isa = PBXCopyFilesBuildPhase;
			buildActionMask = 2147483647;
			dstPath = "";
			dstSubfolderSpec = 10;
			files = (
				5ACC085023507005004CD815 /* MetalImage.framework in Embed Frameworks */,
				5ACC085323507008004CD815 /* MetalTensor.framework in Embed Frameworks */,
			);
			name = "Embed Frameworks";
			runOnlyForDeploymentPostprocessing = 0;
		};
/* End PBXCopyFilesBuildPhase section */

/* Begin PBXFileReference section */
		5AB83990236AC9CB00A6C9CF /* PortraitSegmentNet.0.5.bin */ = {isa = PBXFileReference; lastKnownFileType = archive.macbinary; path = PortraitSegmentNet.0.5.bin; sourceTree = "<group>"; };
		5AB83992236AC9CB00A6C9CF /* PortraitRenderShader.metal */ = {isa = PBXFileReference; fileEncoding = 4; lastKnownFileType = sourcecode.metal; path = PortraitRenderShader.metal; sourceTree = "<group>"; };
		5AB83993236AC9CB00A6C9CF /* PortraitSegmentNet.m */ = {isa = PBXFileReference; fileEncoding = 4; lastKnownFileType = sourcecode.c.objc; path = PortraitSegmentNet.m; sourceTree = "<group>"; };
		5AB83994236AC9CB00A6C9CF /* PortraitSegmentNet.0.5 */ = {isa = PBXFileReference; fileEncoding = 4; lastKnownFileType = text; path = PortraitSegmentNet.0.5; sourceTree = "<group>"; };
		5AB83995236AC9CB00A6C9CF /* PortraitSegmentNet.0.5.json */ = {isa = PBXFileReference; fileEncoding = 4; lastKnownFileType = text.json; path = PortraitSegmentNet.0.5.json; sourceTree = "<group>"; };
		5AB83996236AC9CB00A6C9CF /* PortraitSegmentNet.h */ = {isa = PBXFileReference; fileEncoding = 4; lastKnownFileType = sourcecode.c.h; path = PortraitSegmentNet.h; sourceTree = "<group>"; };
		5AB83997236AC9CB00A6C9CF /* PortraitSegmentFilter.h */ = {isa = PBXFileReference; fileEncoding = 4; lastKnownFileType = sourcecode.c.h; path = PortraitSegmentFilter.h; sourceTree = "<group>"; };
		5AB83998236AC9CB00A6C9CF /* PortraitSegmentFilter.m */ = {isa = PBXFileReference; fileEncoding = 4; lastKnownFileType = sourcecode.c.objc; path = PortraitSegmentFilter.m; sourceTree = "<group>"; };
		5AB83999236AC9CB00A6C9CF /* PortraitSegmentNet.0.5.plist */ = {isa = PBXFileReference; fileEncoding = 4; lastKnownFileType = text.plist.xml; path = PortraitSegmentNet.0.5.plist; sourceTree = "<group>"; };
		5AB839A1236ADE5A00A6C9CF /* SWAP_BR.bin */ = {isa = PBXFileReference; lastKnownFileType = archive.macbinary; path = SWAP_BR.bin; sourceTree = "<group>"; };
		5AB839A423703E1F00A6C9CF /* PortraitSegmentNet.bin */ = {isa = PBXFileReference; lastKnownFileType = archive.macbinary; path = PortraitSegmentNet.bin; sourceTree = "<group>"; };
		5AB839A623703E1F00A6C9CF /* PortraitSegmentNet.json */ = {isa = PBXFileReference; fileEncoding = 4; lastKnownFileType = text.json; path = PortraitSegmentNet.json; sourceTree = "<group>"; };
		5AB839A723703E1F00A6C9CF /* PortraitSegmentNet */ = {isa = PBXFileReference; fileEncoding = 4; lastKnownFileType = text; path = PortraitSegmentNet; sourceTree = "<group>"; };
		5AB839A823703E1F00A6C9CF /* PortraitSegmentNet.plist */ = {isa = PBXFileReference; fileEncoding = 4; lastKnownFileType = text.plist.xml; path = PortraitSegmentNet.plist; sourceTree = "<group>"; };
		5ACC081B23506B83004CD815 /* PortraitSegment.app */ = {isa = PBXFileReference; explicitFileType = wrapper.application; includeInIndex = 0; path = PortraitSegment.app; sourceTree = BUILT_PRODUCTS_DIR; };
		5ACC081E23506B83004CD815 /* AppDelegate.h */ = {isa = PBXFileReference; lastKnownFileType = sourcecode.c.h; path = AppDelegate.h; sourceTree = "<group>"; };
		5ACC081F23506B83004CD815 /* AppDelegate.m */ = {isa = PBXFileReference; lastKnownFileType = sourcecode.c.objc; path = AppDelegate.m; sourceTree = "<group>"; };
		5ACC082423506B83004CD815 /* ViewController.h */ = {isa = PBXFileReference; lastKnownFileType = sourcecode.c.h; path = ViewController.h; sourceTree = "<group>"; };
		5ACC082523506B83004CD815 /* ViewController.m */ = {isa = PBXFileReference; lastKnownFileType = sourcecode.c.objc; path = ViewController.m; sourceTree = "<group>"; };
		5ACC082A23506B85004CD815 /* Assets.xcassets */ = {isa = PBXFileReference; lastKnownFileType = folder.assetcatalog; path = Assets.xcassets; sourceTree = "<group>"; };
		5ACC082D23506B85004CD815 /* Base */ = {isa = PBXFileReference; lastKnownFileType = file.storyboard; name = Base; path = Base.lproj/LaunchScreen.storyboard; sourceTree = "<group>"; };
		5ACC082F23506B85004CD815 /* Info.plist */ = {isa = PBXFileReference; lastKnownFileType = text.plist.xml; path = Info.plist; sourceTree = "<group>"; };
		5ACC083023506B85004CD815 /* main.m */ = {isa = PBXFileReference; lastKnownFileType = sourcecode.c.objc; path = main.m; sourceTree = "<group>"; };
		5ACC084723506FEF004CD815 /* MetalImage.framework */ = {isa = PBXFileReference; lastKnownFileType = wrapper.framework; name = MetalImage.framework; path = ../../ThirdParts/MetalImage.framework; sourceTree = "<group>"; };
		5ACC084923506FF6004CD815 /* MetalTensor.xcodeproj */ = {isa = PBXFileReference; lastKnownFileType = "wrapper.pb-project"; name = MetalTensor.xcodeproj; path = ../../Framework/MetalTensor.xcodeproj; sourceTree = "<group>"; };
/* End PBXFileReference section */

/* Begin PBXFrameworksBuildPhase section */
		5ACC081823506B83004CD815 /* Frameworks */ = {
			isa = PBXFrameworksBuildPhase;
			buildActionMask = 2147483647;
			files = (
				5ACC084F23507005004CD815 /* MetalImage.framework in Frameworks */,
				5ACC085223507008004CD815 /* MetalTensor.framework in Frameworks */,
			);
			runOnlyForDeploymentPostprocessing = 0;
		};
/* End PBXFrameworksBuildPhase section */

/* Begin PBXGroup section */
		5ACC081223506B83004CD815 = {
			isa = PBXGroup;
			children = (
				5ACC084923506FF6004CD815 /* MetalTensor.xcodeproj */,
				5ACC084723506FEF004CD815 /* MetalImage.framework */,
				5ACC081D23506B83004CD815 /* PortraitSegment */,
				5ACC081C23506B83004CD815 /* Products */,
				5ACC084223506F33004CD815 /* Frameworks */,
			);
			sourceTree = "<group>";
		};
		5ACC081C23506B83004CD815 /* Products */ = {
			isa = PBXGroup;
			children = (
				5ACC081B23506B83004CD815 /* PortraitSegment.app */,
			);
			name = Products;
			sourceTree = "<group>";
		};
		5ACC081D23506B83004CD815 /* PortraitSegment */ = {
			isa = PBXGroup;
			children = (
				5ACC081E23506B83004CD815 /* AppDelegate.h */,
				5ACC081F23506B83004CD815 /* AppDelegate.m */,
				5ACC082423506B83004CD815 /* ViewController.h */,
				5ACC082523506B83004CD815 /* ViewController.m */,
				5AB83992236AC9CB00A6C9CF /* PortraitRenderShader.metal */,
				5AB83994236AC9CB00A6C9CF /* PortraitSegmentNet.0.5 */,
				5AB83990236AC9CB00A6C9CF /* PortraitSegmentNet.0.5.bin */,
				5AB83995236AC9CB00A6C9CF /* PortraitSegmentNet.0.5.json */,
				5AB83999236AC9CB00A6C9CF /* PortraitSegmentNet.0.5.plist */,
				5AB839A723703E1F00A6C9CF /* PortraitSegmentNet */,
				5AB839A423703E1F00A6C9CF /* PortraitSegmentNet.bin */,
				5AB839A623703E1F00A6C9CF /* PortraitSegmentNet.json */,
				5AB839A823703E1F00A6C9CF /* PortraitSegmentNet.plist */,
				5AB83996236AC9CB00A6C9CF /* PortraitSegmentNet.h */,
				5AB83993236AC9CB00A6C9CF /* PortraitSegmentNet.m */,
				5AB83997236AC9CB00A6C9CF /* PortraitSegmentFilter.h */,
				5AB83998236AC9CB00A6C9CF /* PortraitSegmentFilter.m */,
				5AB839A1236ADE5A00A6C9CF /* SWAP_BR.bin */,
				5ACC082A23506B85004CD815 /* Assets.xcassets */,
				5ACC082C23506B85004CD815 /* LaunchScreen.storyboard */,
				5ACC082F23506B85004CD815 /* Info.plist */,
				5ACC083023506B85004CD815 /* main.m */,
			);
			path = PortraitSegment;
			sourceTree = "<group>";
		};
		5ACC084223506F33004CD815 /* Frameworks */ = {
			isa = PBXGroup;
			children = (
			);
			name = Frameworks;
			sourceTree = "<group>";
		};
		5ACC084A23506FF6004CD815 /* Products */ = {
			isa = PBXGroup;
			children = (
				5ACC084E23506FF6004CD815 /* MetalTensor.framework */,
			);
			name = Products;
			sourceTree = "<group>";
		};
/* End PBXGroup section */

/* Begin PBXNativeTarget section */
		5ACC081A23506B83004CD815 /* PortraitSegment */ = {
			isa = PBXNativeTarget;
			buildConfigurationList = 5ACC083423506B85004CD815 /* Build configuration list for PBXNativeTarget "PortraitSegment" */;
			buildPhases = (
				5ACC081723506B83004CD815 /* Sources */,
				5ACC081823506B83004CD815 /* Frameworks */,
				5ACC081923506B83004CD815 /* Resources */,
				5ACC085123507005004CD815 /* Embed Frameworks */,
			);
			buildRules = (
			);
			dependencies = (
			);
			name = PortraitSegment;
			productName = RapidFaceDetect;
			productReference = 5ACC081B23506B83004CD815 /* PortraitSegment.app */;
			productType = "com.apple.product-type.application";
		};
/* End PBXNativeTarget section */

/* Begin PBXProject section */
		5ACC081323506B83004CD815 /* Project object */ = {
			isa = PBXProject;
			attributes = {
				LastUpgradeCheck = 1110;
				ORGANIZATIONNAME = fengshi;
				TargetAttributes = {
					5ACC081A23506B83004CD815 = {
						CreatedOnToolsVersion = 11.1;
					};
				};
			};
			buildConfigurationList = 5ACC081623506B83004CD815 /* Build configuration list for PBXProject "PortraitSegment" */;
			compatibilityVersion = "Xcode 9.3";
			developmentRegion = en;
			hasScannedForEncodings = 0;
			knownRegions = (
				en,
				Base,
			);
			mainGroup = 5ACC081223506B83004CD815;
			productRefGroup = 5ACC081C23506B83004CD815 /* Products */;
			projectDirPath = "";
			projectReferences = (
				{
					ProductGroup = 5ACC084A23506FF6004CD815 /* Products */;
					ProjectRef = 5ACC084923506FF6004CD815 /* MetalTensor.xcodeproj */;
				},
			);
			projectRoot = "";
			targets = (
				5ACC081A23506B83004CD815 /* PortraitSegment */,
			);
		};
/* End PBXProject section */

/* Begin PBXReferenceProxy section */
		5ACC084E23506FF6004CD815 /* MetalTensor.framework */ = {
			isa = PBXReferenceProxy;
			fileType = wrapper.framework;
			path = MetalTensor.framework;
			remoteRef = 5ACC084D23506FF6004CD815 /* PBXContainerItemProxy */;
			sourceTree = BUILT_PRODUCTS_DIR;
		};
/* End PBXReferenceProxy section */

/* Begin PBXResourcesBuildPhase section */
		5ACC081923506B83004CD815 /* Resources */ = {
			isa = PBXResourcesBuildPhase;
			buildActionMask = 2147483647;
			files = (
				5AB8399E236AC9CB00A6C9CF /* PortraitSegmentNet.0.5.json in Resources */,
				5AB839AB23703E1F00A6C9CF /* PortraitSegmentNet in Resources */,
				5AB839AC23703E1F00A6C9CF /* PortraitSegmentNet.plist in Resources */,
				5AB8399A236AC9CB00A6C9CF /* PortraitSegmentNet.0.5.bin in Resources */,
				5ACC082E23506B85004CD815 /* LaunchScreen.storyboard in Resources */,
				5AB8399D236AC9CB00A6C9CF /* PortraitSegmentNet.0.5 in Resources */,
				5AB839A923703E1F00A6C9CF /* PortraitSegmentNet.bin in Resources */,
				5AB839AA23703E1F00A6C9CF /* PortraitSegmentNet.json in Resources */,
				5AB839A0236AC9CB00A6C9CF /* PortraitSegmentNet.0.5.plist in Resources */,
				5AB839A2236ADE5A00A6C9CF /* SWAP_BR.bin in Resources */,
				5ACC082B23506B85004CD815 /* Assets.xcassets in Resources */,
			);
			runOnlyForDeploymentPostprocessing = 0;
		};
/* End PBXResourcesBuildPhase section */

/* Begin PBXSourcesBuildPhase section */
		5ACC081723506B83004CD815 /* Sources */ = {
			isa = PBXSourcesBuildPhase;
			buildActionMask = 2147483647;
			files = (
				5AB8399F236AC9CB00A6C9CF /* PortraitSegmentFilter.m in Sources */,
				5AB8399C236AC9CB00A6C9CF /* PortraitSegmentNet.m in Sources */,
				5ACC082623506B83004CD815 /* ViewController.m in Sources */,
				5ACC082023506B83004CD815 /* AppDelegate.m in Sources */,
				5AB8399B236AC9CB00A6C9CF /* PortraitRenderShader.metal in Sources */,
				5ACC083123506B85004CD815 /* main.m in Sources */,
			);
			runOnlyForDeploymentPostprocessing = 0;
		};
/* End PBXSourcesBuildPhase section */

/* Begin PBXVariantGroup section */
		5ACC082C23506B85004CD815 /* LaunchScreen.storyboard */ = {
			isa = PBXVariantGroup;
			children = (
				5ACC082D23506B85004CD815 /* Base */,
			);
			name = LaunchScreen.storyboard;
			sourceTree = "<group>";
		};
/* End PBXVariantGroup section */

/* Begin XCBuildConfiguration section */
		5ACC083223506B85004CD815 /* Debug */ = {
			isa = XCBuildConfiguration;
			buildSettings = {
				ALWAYS_SEARCH_USER_PATHS = NO;
				CLANG_ANALYZER_NONNULL = YES;
				CLANG_ANALYZER_NUMBER_OBJECT_CONVERSION = YES_AGGRESSIVE;
				CLANG_CXX_LANGUAGE_STANDARD = "gnu++14";
				CLANG_CXX_LIBRARY = "libc++";
				CLANG_ENABLE_MODULES = YES;
				CLANG_ENABLE_OBJC_ARC = YES;
				CLANG_ENABLE_OBJC_WEAK = YES;
				CLANG_WARN_BLOCK_CAPTURE_AUTORELEASING = YES;
				CLANG_WARN_BOOL_CONVERSION = YES;
				CLANG_WARN_COMMA = YES;
				CLANG_WARN_CONSTANT_CONVERSION = YES;
				CLANG_WARN_DEPRECATED_OBJC_IMPLEMENTATIONS = YES;
				CLANG_WARN_DIRECT_OBJC_ISA_USAGE = YES_ERROR;
				CLANG_WARN_DOCUMENTATION_COMMENTS = YES;
				CLANG_WARN_EMPTY_BODY = YES;
				CLANG_WARN_ENUM_CONVERSION = YES;
				CLANG_WARN_INFINITE_RECURSION = YES;
				CLANG_WARN_INT_CONVERSION = YES;
				CLANG_WARN_NON_LITERAL_NULL_CONVERSION = YES;
				CLANG_WARN_OBJC_IMPLICIT_RETAIN_SELF = YES;
				CLANG_WARN_OBJC_LITERAL_CONVERSION = YES;
				CLANG_WARN_OBJC_ROOT_CLASS = YES_ERROR;
				CLANG_WARN_RANGE_LOOP_ANALYSIS = YES;
				CLANG_WARN_STRICT_PROTOTYPES = YES;
				CLANG_WARN_SUSPICIOUS_MOVE = YES;
				CLANG_WARN_UNGUARDED_AVAILABILITY = YES_AGGRESSIVE;
				CLANG_WARN_UNREACHABLE_CODE = YES;
				CLANG_WARN__DUPLICATE_METHOD_MATCH = YES;
				COPY_PHASE_STRIP = NO;
				DEBUG_INFORMATION_FORMAT = dwarf;
				ENABLE_STRICT_OBJC_MSGSEND = YES;
				ENABLE_TESTABILITY = YES;
				GCC_C_LANGUAGE_STANDARD = gnu11;
				GCC_DYNAMIC_NO_PIC = NO;
				GCC_NO_COMMON_BLOCKS = YES;
				GCC_OPTIMIZATION_LEVEL = 0;
				GCC_PREPROCESSOR_DEFINITIONS = (
					"DEBUG=1",
					"$(inherited)",
				);
				GCC_WARN_64_TO_32_BIT_CONVERSION = YES;
				GCC_WARN_ABOUT_RETURN_TYPE = YES_ERROR;
				GCC_WARN_UNDECLARED_SELECTOR = YES;
				GCC_WARN_UNINITIALIZED_AUTOS = YES_AGGRESSIVE;
				GCC_WARN_UNUSED_FUNCTION = YES;
				GCC_WARN_UNUSED_VARIABLE = YES;
				IPHONEOS_DEPLOYMENT_TARGET = 13.1;
				MTL_ENABLE_DEBUG_INFO = INCLUDE_SOURCE;
				MTL_FAST_MATH = YES;
				ONLY_ACTIVE_ARCH = YES;
				SDKROOT = iphoneos;
			};
			name = Debug;
		};
		5ACC083323506B85004CD815 /* Release */ = {
			isa = XCBuildConfiguration;
			buildSettings = {
				ALWAYS_SEARCH_USER_PATHS = NO;
				CLANG_ANALYZER_NONNULL = YES;
				CLANG_ANALYZER_NUMBER_OBJECT_CONVERSION = YES_AGGRESSIVE;
				CLANG_CXX_LANGUAGE_STANDARD = "gnu++14";
				CLANG_CXX_LIBRARY = "libc++";
				CLANG_ENABLE_MODULES = YES;
				CLANG_ENABLE_OBJC_ARC = YES;
				CLANG_ENABLE_OBJC_WEAK = YES;
				CLANG_WARN_BLOCK_CAPTURE_AUTORELEASING = YES;
				CLANG_WARN_BOOL_CONVERSION = YES;
				CLANG_WARN_COMMA = YES;
				CLANG_WARN_CONSTANT_CONVERSION = YES;
				CLANG_WARN_DEPRECATED_OBJC_IMPLEMENTATIONS = YES;
				CLANG_WARN_DIRECT_OBJC_ISA_USAGE = YES_ERROR;
				CLANG_WARN_DOCUMENTATION_COMMENTS = YES;
				CLANG_WARN_EMPTY_BODY = YES;
				CLANG_WARN_ENUM_CONVERSION = YES;
				CLANG_WARN_INFINITE_RECURSION = YES;
				CLANG_WARN_INT_CONVERSION = YES;
				CLANG_WARN_NON_LITERAL_NULL_CONVERSION = YES;
				CLANG_WARN_OBJC_IMPLICIT_RETAIN_SELF = YES;
				CLANG_WARN_OBJC_LITERAL_CONVERSION = YES;
				CLANG_WARN_OBJC_ROOT_CLASS = YES_ERROR;
				CLANG_WARN_RANGE_LOOP_ANALYSIS = YES;
				CLANG_WARN_STRICT_PROTOTYPES = YES;
				CLANG_WARN_SUSPICIOUS_MOVE = YES;
				CLANG_WARN_UNGUARDED_AVAILABILITY = YES_AGGRESSIVE;
				CLANG_WARN_UNREACHABLE_CODE = YES;
				CLANG_WARN__DUPLICATE_METHOD_MATCH = YES;
				COPY_PHASE_STRIP = NO;
				DEBUG_INFORMATION_FORMAT = "dwarf-with-dsym";
				ENABLE_NS_ASSERTIONS = NO;
				ENABLE_STRICT_OBJC_MSGSEND = YES;
				GCC_C_LANGUAGE_STANDARD = gnu11;
				GCC_NO_COMMON_BLOCKS = YES;
				GCC_WARN_64_TO_32_BIT_CONVERSION = YES;
				GCC_WARN_ABOUT_RETURN_TYPE = YES_ERROR;
				GCC_WARN_UNDECLARED_SELECTOR = YES;
				GCC_WARN_UNINITIALIZED_AUTOS = YES_AGGRESSIVE;
				GCC_WARN_UNUSED_FUNCTION = YES;
				GCC_WARN_UNUSED_VARIABLE = YES;
				IPHONEOS_DEPLOYMENT_TARGET = 13.1;
				MTL_ENABLE_DEBUG_INFO = NO;
				MTL_FAST_MATH = YES;
				SDKROOT = iphoneos;
				VALIDATE_PRODUCT = YES;
			};
			name = Release;
		};
		5ACC083523506B85004CD815 /* Debug */ = {
			isa = XCBuildConfiguration;
			buildSettings = {
				ASSETCATALOG_COMPILER_APPICON_NAME = AppIcon;
				CLANG_WARN_OBJC_IMPLICIT_RETAIN_SELF = NO;
				CODE_SIGN_IDENTITY = "iPhone Developer";
				CODE_SIGN_STYLE = Manual;
				DEVELOPMENT_ASSET_PATHS = "";
				DEVELOPMENT_TEAM = 6LS62R5GKZ;
				ENABLE_BITCODE = NO;
				FRAMEWORK_SEARCH_PATHS = "$(PROJECT_DIR)/../../ThirdParts";
				INFOPLIST_FILE = PortraitSegment/Info.plist;
				IPHONEOS_DEPLOYMENT_TARGET = 11.3;
				LD_RUNPATH_SEARCH_PATHS = (
					"$(inherited)",
					"@executable_path/Frameworks",
				);
				PRODUCT_BUNDLE_IDENTIFIER = com.fengshi.PortraitSegment;
				PRODUCT_NAME = "$(TARGET_NAME)";
				PROVISIONING_PROFILE_SPECIFIER = fengshi_20190110;
				TARGETED_DEVICE_FAMILY = "1,2";
			};
			name = Debug;
		};
		5ACC083623506B85004CD815 /* Release */ = {
			isa = XCBuildConfiguration;
			buildSettings = {
				ASSETCATALOG_COMPILER_APPICON_NAME = AppIcon;
				CLANG_WARN_OBJC_IMPLICIT_RETAIN_SELF = NO;
				CODE_SIGN_IDENTITY = "iPhone Developer";
				CODE_SIGN_STYLE = Manual;
				DEVELOPMENT_ASSET_PATHS = "";
				DEVELOPMENT_TEAM = 6LS62R5GKZ;
				ENABLE_BITCODE = NO;
				FRAMEWORK_SEARCH_PATHS = "$(PROJECT_DIR)/../../ThirdParts";
				INFOPLIST_FILE = PortraitSegment/Info.plist;
				IPHONEOS_DEPLOYMENT_TARGET = 11.3;
				LD_RUNPATH_SEARCH_PATHS = (
					"$(inherited)",
					"@executable_path/Frameworks",
				);
				PRODUCT_BUNDLE_IDENTIFIER = com.fengshi.PortraitSegment;
				PRODUCT_NAME = "$(TARGET_NAME)";
				PROVISIONING_PROFILE_SPECIFIER = fengshi_20190110;
				TARGETED_DEVICE_FAMILY = "1,2";
			};
			name = Release;
		};
/* End XCBuildConfiguration section */

/* Begin XCConfigurationList section */
		5ACC081623506B83004CD815 /* Build configuration list for PBXProject "PortraitSegment" */ = {
			isa = XCConfigurationList;
			buildConfigurations = (
				5ACC083223506B85004CD815 /* Debug */,
				5ACC083323506B85004CD815 /* Release */,
			);
			defaultConfigurationIsVisible = 0;
			defaultConfigurationName = Release;
		};
		5ACC083423506B85004CD815 /* Build configuration list for PBXNativeTarget "PortraitSegment" */ = {
			isa = XCConfigurationList;
			buildConfigurations = (
				5ACC083523506B85004CD815 /* Debug */,
				5ACC083623506B85004CD815 /* Release */,
			);
			defaultConfigurationIsVisible = 0;
			defaultConfigurationName = Release;
		};
/* End XCConfigurationList section */
	};
	rootObject = 5ACC081323506B83004CD815 /* Project object */;
}
